<?xml version="1.0" encoding="UTF-8"?>
<!DOCTYPE plist PUBLIC "-//Apple//DTD PLIST 1.0//EN" "http://www.apple.com/DTDs/PropertyList-1.0.dtd">
<plist version="1.0">
<dict>
	<key>archiveVersion</key>
	<string>1</string>
	<key>classes</key>
	<dict/>
	<key>objectVersion</key>
	<string>46</string>
	<key>objects</key>
	<dict>
		<key>4511DD421B4472BA004EA078</key>
		<dict>
			<key>fileEncoding</key>
			<string>4</string>
			<key>isa</key>
			<string>PBXFileReference</string>
			<key>lastKnownFileType</key>
			<string>sourcecode.swift</string>
			<key>path</key>
			<string>H264RTPTypes.swift</string>
			<key>sourceTree</key>
			<string>&lt;group&gt;</string>
		</dict>
		<key>451868CC1B3CD0E000BBBCD8</key>
		<dict>
			<key>isa</key>
			<string>PBXFileReference</string>
			<key>lastKnownFileType</key>
			<string>wrapper.framework</string>
			<key>name</key>
			<string>AVKit.framework</string>
			<key>path</key>
			<string>System/Library/Frameworks/AVKit.framework</string>
			<key>sourceTree</key>
			<string>SDKROOT</string>
		</dict>
		<key>451868CD1B3CD0E000BBBCD8</key>
		<dict>
			<key>fileRef</key>
			<string>451868CC1B3CD0E000BBBCD8</string>
			<key>isa</key>
			<string>PBXBuildFile</string>
		</dict>
		<key>451868D21B3CD0E600BBBCD8</key>
		<dict>
			<key>isa</key>
			<string>PBXFileReference</string>
			<key>lastKnownFileType</key>
			<string>wrapper.framework</string>
			<key>name</key>
			<string>AVFoundation.framework</string>
			<key>path</key>
			<string>System/Library/Frameworks/AVFoundation.framework</string>
			<key>sourceTree</key>
			<string>SDKROOT</string>
		</dict>
		<key>451868D31B3CD0E600BBBCD8</key>
		<dict>
			<key>fileRef</key>
			<string>451868D21B3CD0E600BBBCD8</string>
			<key>isa</key>
			<string>PBXBuildFile</string>
		</dict>
		<key>451868D41B3CD0EF00BBBCD8</key>
		<dict>
			<key>isa</key>
			<string>PBXFileReference</string>
			<key>lastKnownFileType</key>
			<string>wrapper.framework</string>
			<key>name</key>
			<string>VideoToolbox.framework</string>
			<key>path</key>
			<string>System/Library/Frameworks/VideoToolbox.framework</string>
			<key>sourceTree</key>
			<string>SDKROOT</string>
		</dict>
		<key>451868D51B3CD0EF00BBBCD8</key>
		<dict>
			<key>fileRef</key>
			<string>451868D41B3CD0EF00BBBCD8</string>
			<key>isa</key>
			<string>PBXBuildFile</string>
		</dict>
		<key>451868D61B3CD0F400BBBCD8</key>
		<dict>
			<key>isa</key>
			<string>PBXFileReference</string>
			<key>lastKnownFileType</key>
			<string>wrapper.framework</string>
			<key>name</key>
			<string>CoreMedia.framework</string>
			<key>path</key>
			<string>System/Library/Frameworks/CoreMedia.framework</string>
			<key>sourceTree</key>
			<string>SDKROOT</string>
		</dict>
		<key>451868D71B3CD0F400BBBCD8</key>
		<dict>
			<key>fileRef</key>
			<string>451868D61B3CD0F400BBBCD8</string>
			<key>isa</key>
			<string>PBXBuildFile</string>
		</dict>
		<key>451868D81B3CD0FE00BBBCD8</key>
		<dict>
			<key>isa</key>
			<string>PBXFileReference</string>
			<key>lastKnownFileType</key>
			<string>wrapper.framework</string>
			<key>name</key>
			<string>CoreVideo.framework</string>
			<key>path</key>
			<string>System/Library/Frameworks/CoreVideo.framework</string>
			<key>sourceTree</key>
			<string>SDKROOT</string>
		</dict>
		<key>451868D91B3CD0FE00BBBCD8</key>
		<dict>
			<key>fileRef</key>
			<string>451868D81B3CD0FE00BBBCD8</string>
			<key>isa</key>
			<string>PBXBuildFile</string>
		</dict>
		<key>451868DA1B3CD10300BBBCD8</key>
		<dict>
			<key>children</key>
			<array>
				<string>451868D81B3CD0FE00BBBCD8</string>
				<string>451868D61B3CD0F400BBBCD8</string>
				<string>451868D41B3CD0EF00BBBCD8</string>
				<string>451868D21B3CD0E600BBBCD8</string>
				<string>451868CC1B3CD0E000BBBCD8</string>
			</array>
			<key>isa</key>
			<string>PBXGroup</string>
			<key>name</key>
			<string>Frameworks</string>
			<key>sourceTree</key>
			<string>&lt;group&gt;</string>
		</dict>
		<key>451868DC1B3CD37300BBBCD8</key>
		<dict>
			<key>fileEncoding</key>
			<string>4</string>
			<key>isa</key>
			<string>PBXFileReference</string>
			<key>lastKnownFileType</key>
			<string>sourcecode.swift</string>
			<key>path</key>
			<string>VideoView.swift</string>
			<key>sourceTree</key>
			<string>&lt;group&gt;</string>
		</dict>
		<key>451868DD1B3CD37300BBBCD8</key>
		<dict>
			<key>fileRef</key>
			<string>451868DC1B3CD37300BBBCD8</string>
			<key>isa</key>
			<string>PBXBuildFile</string>
		</dict>
		<key>45194E711B7D431B0017E89A</key>
		<dict>
			<key>fileEncoding</key>
			<string>4</string>
			<key>isa</key>
			<string>PBXFileReference</string>
			<key>lastKnownFileType</key>
			<string>sourcecode.c.objc</string>
			<key>path</key>
			<string>Support.m</string>
			<key>sourceTree</key>
			<string>&lt;group&gt;</string>
		</dict>
		<key>45194E731B7D43230017E89A</key>
		<dict>
			<key>isa</key>
			<string>PBXFileReference</string>
			<key>lastKnownFileType</key>
			<string>sourcecode.c.h</string>
			<key>path</key>
			<string>Support.h</string>
			<key>sourceTree</key>
			<string>&lt;group&gt;</string>
		</dict>
		<key>451E2D801B435F8B00F93401</key>
		<dict>
			<key>fileEncoding</key>
			<string>4</string>
			<key>isa</key>
			<string>PBXFileReference</string>
			<key>lastKnownFileType</key>
			<string>sourcecode.swift</string>
			<key>path</key>
			<string>RTPChannel.swift</string>
			<key>sourceTree</key>
			<string>&lt;group&gt;</string>
		</dict>
		<key>451E2D871B4360FB00F93401</key>
		<dict>
			<key>fileEncoding</key>
			<string>4</string>
			<key>isa</key>
			<string>PBXFileReference</string>
			<key>lastKnownFileType</key>
			<string>sourcecode.swift</string>
			<key>path</key>
			<string>H264Types.swift</string>
			<key>sourceTree</key>
			<string>&lt;group&gt;</string>
		</dict>
		<key>451E2D891B43614800F93401</key>
		<dict>
			<key>fileEncoding</key>
			<string>4</string>
			<key>isa</key>
			<string>PBXFileReference</string>
			<key>lastKnownFileType</key>
			<string>sourcecode.swift</string>
			<key>path</key>
			<string>H264Processor.swift</string>
			<key>sourceTree</key>
			<string>&lt;group&gt;</string>
		</dict>
		<key>4526B3471B85417E001EB22E</key>
		<dict>
			<key>fileRef</key>
			<string>451E2D801B435F8B00F93401</string>
			<key>isa</key>
			<string>PBXBuildFile</string>
		</dict>
		<key>4526B3481B85417E001EB22E</key>
		<dict>
			<key>fileRef</key>
			<string>45DA8D5F1B3E1FC9001F739F</string>
			<key>isa</key>
			<string>PBXBuildFile</string>
		</dict>
		<key>4526B3491B85417E001EB22E</key>
		<dict>
			<key>fileRef</key>
			<string>45CEE9881B83970800ED7D23</string>
			<key>isa</key>
			<string>PBXBuildFile</string>
		</dict>
		<key>4526B34A1B85417E001EB22E</key>
		<dict>
			<key>fileRef</key>
			<string>45DA8D651B3E22FB001F739F</string>
			<key>isa</key>
			<string>PBXBuildFile</string>
		</dict>
		<key>4526B34B1B85417E001EB22E</key>
		<dict>
			<key>fileRef</key>
			<string>4511DD421B4472BA004EA078</string>
			<key>isa</key>
			<string>PBXBuildFile</string>
		</dict>
		<key>4526B34C1B85417E001EB22E</key>
		<dict>
			<key>fileRef</key>
			<string>451E2D871B4360FB00F93401</string>
			<key>isa</key>
			<string>PBXBuildFile</string>
		</dict>
		<key>4526B34D1B85417E001EB22E</key>
		<dict>
			<key>fileRef</key>
			<string>451E2D891B43614800F93401</string>
			<key>isa</key>
			<string>PBXBuildFile</string>
		</dict>
		<key>4526B34E1B85417E001EB22E</key>
		<dict>
			<key>fileRef</key>
			<string>45DBF7621B448189005705E2</string>
			<key>isa</key>
			<string>PBXBuildFile</string>
		</dict>
		<key>4526B34F1B85417E001EB22E</key>
		<dict>
			<key>fileRef</key>
			<string>45194E711B7D431B0017E89A</string>
			<key>isa</key>
			<string>PBXBuildFile</string>
		</dict>
		<key>4526B3501B85417E001EB22E</key>
		<dict>
			<key>fileRef</key>
			<string>45CEE9731B83930C00ED7D23</string>
			<key>isa</key>
			<string>PBXBuildFile</string>
			<key>settings</key>
			<dict>
				<key>ATTRIBUTES</key>
				<array>
					<string>Public</string>
				</array>
			</dict>
		</dict>
		<key>4526B3511B85417E001EB22E</key>
		<dict>
			<key>fileRef</key>
			<string>4540CEF81B83B61F00229CC9</string>
			<key>isa</key>
			<string>PBXBuildFile</string>
		</dict>
		<key>4526B3521B85417E001EB22E</key>
		<dict>
			<key>fileRef</key>
			<string>4540CEFD1B83B61F00229CC9</string>
			<key>isa</key>
			<string>PBXBuildFile</string>
		</dict>
		<key>4526B3531B85417E001EB22E</key>
		<dict>
			<key>fileRef</key>
			<string>4540CF001B83B61F00229CC9</string>
			<key>isa</key>
			<string>PBXBuildFile</string>
		</dict>
		<key>4526B3541B85417E001EB22E</key>
		<dict>
			<key>fileRef</key>
			<string>4540CF011B83B61F00229CC9</string>
			<key>isa</key>
			<string>PBXBuildFile</string>
		</dict>
		<key>4526B3551B85417E001EB22E</key>
		<dict>
			<key>fileRef</key>
			<string>4540CF041B83B61F00229CC9</string>
			<key>isa</key>
			<string>PBXBuildFile</string>
		</dict>
		<key>4526B3561B85417E001EB22E</key>
		<dict>
			<key>fileRef</key>
			<string>4540CF081B83B61F00229CC9</string>
			<key>isa</key>
			<string>PBXBuildFile</string>
		</dict>
		<key>4526B3571B85417E001EB22E</key>
		<dict>
			<key>fileRef</key>
			<string>4540CF1A1B83B67700229CC9</string>
			<key>isa</key>
			<string>PBXBuildFile</string>
		</dict>
		<key>4526B3581B85417E001EB22E</key>
		<dict>
			<key>fileRef</key>
			<string>457EF9561B83B7D400A432FA</string>
			<key>isa</key>
			<string>PBXBuildFile</string>
		</dict>
		<key>4526B3591B85417E001EB22E</key>
		<dict>
			<key>fileRef</key>
			<string>457EF9581B83B7D400A432FA</string>
			<key>isa</key>
			<string>PBXBuildFile</string>
		</dict>
		<key>4526B35A1B85417E001EB22E</key>
		<dict>
			<key>fileRef</key>
			<string>457EF95A1B83B7D400A432FA</string>
			<key>isa</key>
			<string>PBXBuildFile</string>
		</dict>
		<key>4526B35B1B85417E001EB22E</key>
		<dict>
			<key>fileRef</key>
			<string>457EF95E1B83B7D400A432FA</string>
			<key>isa</key>
			<string>PBXBuildFile</string>
		</dict>
		<key>4526B35C1B85417E001EB22E</key>
		<dict>
			<key>fileRef</key>
			<string>457EF96F1B83B7D400A432FA</string>
			<key>isa</key>
			<string>PBXBuildFile</string>
		</dict>
		<key>4526B35D1B85417E001EB22E</key>
		<dict>
			<key>fileRef</key>
			<string>457EF9701B83B7D400A432FA</string>
			<key>isa</key>
			<string>PBXBuildFile</string>
		</dict>
		<key>4526B3631B854E23001EB22E</key>
		<dict>
			<key>fileRef</key>
			<string>45CEE98B1B839B2B00ED7D23</string>
			<key>isa</key>
			<string>PBXBuildFile</string>
		</dict>
		<key>4526B3641B854E23001EB22E</key>
		<dict>
			<key>fileRef</key>
			<string>45CEE98B1B839B2B00ED7D23</string>
			<key>isa</key>
			<string>PBXBuildFile</string>
		</dict>
		<key>4526B3651B854FA7001EB22E</key>
		<dict>
			<key>fileRef</key>
			<string>45194E731B7D43230017E89A</string>
			<key>isa</key>
			<string>PBXBuildFile</string>
			<key>settings</key>
			<dict>
				<key>ATTRIBUTES</key>
				<array>
					<string>Public</string>
				</array>
			</dict>
		</dict>
		<key>4526B3661B854FAB001EB22E</key>
		<dict>
			<key>fileRef</key>
			<string>45194E731B7D43230017E89A</string>
			<key>isa</key>
			<string>PBXBuildFile</string>
			<key>settings</key>
			<dict>
				<key>ATTRIBUTES</key>
				<array>
					<string>Public</string>
				</array>
			</dict>
		</dict>
		<key>452C70F61B83CB5C00897FE1</key>
		<dict>
			<key>fileRef</key>
			<string>457EF9581B83B7D400A432FA</string>
			<key>isa</key>
			<string>PBXBuildFile</string>
		</dict>
		<key>452C71091B83D05700897FE1</key>
		<dict>
			<key>fileRef</key>
			<string>457EF9701B83B7D400A432FA</string>
			<key>isa</key>
			<string>PBXBuildFile</string>
		</dict>
		<key>4532ADD11B852066002080D7</key>
		<dict>
			<key>fileEncoding</key>
			<string>4</string>
			<key>isa</key>
			<string>PBXFileReference</string>
			<key>lastKnownFileType</key>
			<string>sourcecode.swift</string>
			<key>path</key>
			<string>TCPChannel.swift</string>
			<key>sourceTree</key>
			<string>&lt;group&gt;</string>
		</dict>
		<key>4532ADD21B852066002080D7</key>
		<dict>
			<key>fileRef</key>
			<string>4532ADD11B852066002080D7</string>
			<key>isa</key>
			<string>PBXBuildFile</string>
		</dict>
		<key>4540CEF71B83B61F00229CC9</key>
		<dict>
			<key>children</key>
			<array>
				<string>4540CEF81B83B61F00229CC9</string>
				<string>4540CEFD1B83B61F00229CC9</string>
				<string>4540CF001B83B61F00229CC9</string>
				<string>4540CF011B83B61F00229CC9</string>
				<string>4540CF041B83B61F00229CC9</string>
				<string>4540CF081B83B61F00229CC9</string>
				<string>4540CF1A1B83B67700229CC9</string>
			</array>
			<key>isa</key>
			<string>PBXGroup</string>
			<key>path</key>
			<string>SwiftIO</string>
			<key>sourceTree</key>
			<string>&lt;group&gt;</string>
		</dict>
		<key>4540CEF81B83B61F00229CC9</key>
		<dict>
			<key>fileEncoding</key>
			<string>4</string>
			<key>isa</key>
			<string>PBXFileReference</string>
			<key>lastKnownFileType</key>
			<string>sourcecode.swift</string>
			<key>path</key>
			<string>Address.swift</string>
			<key>sourceTree</key>
			<string>&lt;group&gt;</string>
		</dict>
		<key>4540CEFD1B83B61F00229CC9</key>
		<dict>
			<key>fileEncoding</key>
			<string>4</string>
			<key>isa</key>
			<string>PBXFileReference</string>
			<key>lastKnownFileType</key>
			<string>sourcecode.swift</string>
			<key>path</key>
			<string>Datagram.swift</string>
			<key>sourceTree</key>
			<string>&lt;group&gt;</string>
		</dict>
		<key>4540CF001B83B61F00229CC9</key>
		<dict>
			<key>fileEncoding</key>
			<string>4</string>
			<key>isa</key>
			<string>PBXFileReference</string>
			<key>lastKnownFileType</key>
			<string>sourcecode.swift</string>
			<key>path</key>
			<string>Inet+Utilities.swift</string>
			<key>sourceTree</key>
			<string>&lt;group&gt;</string>
		</dict>
		<key>4540CF011B83B61F00229CC9</key>
		<dict>
			<key>fileEncoding</key>
			<string>4</string>
			<key>isa</key>
			<string>PBXFileReference</string>
			<key>lastKnownFileType</key>
			<string>sourcecode.swift</string>
			<key>path</key>
			<string>Inet.swift</string>
			<key>sourceTree</key>
			<string>&lt;group&gt;</string>
		</dict>
		<key>4540CF041B83B61F00229CC9</key>
		<dict>
			<key>fileEncoding</key>
			<string>4</string>
			<key>isa</key>
			<string>PBXFileReference</string>
			<key>lastKnownFileType</key>
			<string>sourcecode.swift</string>
			<key>path</key>
			<string>NetworkEndian.swift</string>
			<key>sourceTree</key>
			<string>&lt;group&gt;</string>
		</dict>
		<key>4540CF081B83B61F00229CC9</key>
		<dict>
			<key>fileEncoding</key>
			<string>4</string>
			<key>isa</key>
			<string>PBXFileReference</string>
			<key>lastKnownFileType</key>
			<string>sourcecode.swift</string>
			<key>path</key>
			<string>UDPChannel.swift</string>
			<key>sourceTree</key>
			<string>&lt;group&gt;</string>
		</dict>
		<key>4540CF091B83B61F00229CC9</key>
		<dict>
			<key>fileRef</key>
			<string>4540CEF81B83B61F00229CC9</string>
			<key>isa</key>
			<string>PBXBuildFile</string>
		</dict>
		<key>4540CF0E1B83B61F00229CC9</key>
		<dict>
			<key>fileRef</key>
			<string>4540CEFD1B83B61F00229CC9</string>
			<key>isa</key>
			<string>PBXBuildFile</string>
		</dict>
		<key>4540CF111B83B61F00229CC9</key>
		<dict>
			<key>fileRef</key>
			<string>4540CF001B83B61F00229CC9</string>
			<key>isa</key>
			<string>PBXBuildFile</string>
		</dict>
		<key>4540CF121B83B61F00229CC9</key>
		<dict>
			<key>fileRef</key>
			<string>4540CF011B83B61F00229CC9</string>
			<key>isa</key>
			<string>PBXBuildFile</string>
		</dict>
		<key>4540CF191B83B61F00229CC9</key>
		<dict>
			<key>fileRef</key>
			<string>4540CF081B83B61F00229CC9</string>
			<key>isa</key>
			<string>PBXBuildFile</string>
		</dict>
		<key>4540CF1A1B83B67700229CC9</key>
		<dict>
			<key>fileEncoding</key>
			<string>4</string>
			<key>isa</key>
			<string>PBXFileReference</string>
			<key>lastKnownFileType</key>
			<string>sourcecode.swift</string>
			<key>path</key>
			<string>Logging.swift</string>
			<key>sourceTree</key>
			<string>&lt;group&gt;</string>
		</dict>
		<key>4540CF1B1B83B67700229CC9</key>
		<dict>
			<key>fileRef</key>
			<string>4540CF1A1B83B67700229CC9</string>
			<key>isa</key>
			<string>PBXBuildFile</string>
		</dict>
		<key>4540CF1C1B83B6F100229CC9</key>
		<dict>
			<key>fileRef</key>
			<string>4540CF041B83B61F00229CC9</string>
			<key>isa</key>
			<string>PBXBuildFile</string>
		</dict>
		<key>457EF94F1B83B7D400A432FA</key>
		<dict>
			<key>children</key>
			<array>
				<string>457EF9541B83B7D400A432FA</string>
				<string>457EF95E1B83B7D400A432FA</string>
				<string>457EF96F1B83B7D400A432FA</string>
				<string>457EF9701B83B7D400A432FA</string>
			</array>
			<key>isa</key>
			<string>PBXGroup</string>
			<key>path</key>
			<string>SwiftUtilities</string>
			<key>sourceTree</key>
			<string>&lt;group&gt;</string>
		</dict>
		<key>457EF9541B83B7D400A432FA</key>
		<dict>
			<key>children</key>
			<array>
				<string>457EF9561B83B7D400A432FA</string>
				<string>457EF9581B83B7D400A432FA</string>
				<string>457EF95A1B83B7D400A432FA</string>
			</array>
			<key>isa</key>
			<string>PBXGroup</string>
			<key>path</key>
			<string>Data</string>
			<key>sourceTree</key>
			<string>&lt;group&gt;</string>
		</dict>
		<key>457EF9561B83B7D400A432FA</key>
		<dict>
			<key>fileEncoding</key>
			<string>4</string>
			<key>isa</key>
			<string>PBXFileReference</string>
			<key>lastKnownFileType</key>
			<string>sourcecode.swift</string>
			<key>path</key>
			<string>BitRange.swift</string>
			<key>sourceTree</key>
			<string>&lt;group&gt;</string>
		</dict>
		<key>457EF9581B83B7D400A432FA</key>
		<dict>
			<key>fileEncoding</key>
			<string>4</string>
			<key>isa</key>
			<string>PBXFileReference</string>
			<key>lastKnownFileType</key>
			<string>sourcecode.swift</string>
			<key>path</key>
			<string>BufferType.swift</string>
			<key>sourceTree</key>
			<string>&lt;group&gt;</string>
		</dict>
		<key>457EF95A1B83B7D400A432FA</key>
		<dict>
			<key>fileEncoding</key>
			<string>4</string>
			<key>isa</key>
			<string>PBXFileReference</string>
			<key>lastKnownFileType</key>
			<string>sourcecode.swift</string>
			<key>path</key>
			<string>DispatchData.swift</string>
			<key>sourceTree</key>
			<string>&lt;group&gt;</string>
		</dict>
		<key>457EF95E1B83B7D400A432FA</key>
		<dict>
			<key>fileEncoding</key>
			<string>4</string>
			<key>isa</key>
			<string>PBXFileReference</string>
			<key>lastKnownFileType</key>
			<string>sourcecode.swift</string>
			<key>path</key>
			<string>Errors.swift</string>
			<key>sourceTree</key>
			<string>&lt;group&gt;</string>
		</dict>
		<key>457EF96F1B83B7D400A432FA</key>
		<dict>
			<key>fileEncoding</key>
			<string>4</string>
			<key>isa</key>
			<string>PBXFileReference</string>
			<key>lastKnownFileType</key>
			<string>sourcecode.swift</string>
			<key>path</key>
			<string>Timestamp.swift</string>
			<key>sourceTree</key>
			<string>&lt;group&gt;</string>
		</dict>
		<key>457EF9701B83B7D400A432FA</key>
		<dict>
			<key>fileEncoding</key>
			<string>4</string>
			<key>isa</key>
			<string>PBXFileReference</string>
			<key>lastKnownFileType</key>
			<string>sourcecode.swift</string>
			<key>path</key>
			<string>Utilities.swift</string>
			<key>sourceTree</key>
			<string>&lt;group&gt;</string>
		</dict>
		<key>457EF9771B83B7D400A432FA</key>
		<dict>
			<key>fileRef</key>
			<string>457EF9561B83B7D400A432FA</string>
			<key>isa</key>
			<string>PBXBuildFile</string>
		</dict>
		<key>457EF97B1B83B7D400A432FA</key>
		<dict>
			<key>fileRef</key>
			<string>457EF95A1B83B7D400A432FA</string>
			<key>isa</key>
			<string>PBXBuildFile</string>
		</dict>
		<key>457EF97F1B83B7D400A432FA</key>
		<dict>
			<key>fileRef</key>
			<string>457EF95E1B83B7D400A432FA</string>
			<key>isa</key>
			<string>PBXBuildFile</string>
		</dict>
		<key>457EF9901B83B88200A432FA</key>
		<dict>
			<key>fileRef</key>
			<string>457EF96F1B83B7D400A432FA</string>
			<key>isa</key>
			<string>PBXBuildFile</string>
		</dict>
		<key>4596DEFF1B825E0E00A5FD87</key>
		<dict>
			<key>fileEncoding</key>
			<string>4</string>
			<key>isa</key>
			<string>PBXFileReference</string>
			<key>lastKnownFileType</key>
			<string>net.daringfireball.markdown</string>
			<key>path</key>
			<string>README.markdown</string>
			<key>sourceTree</key>
			<string>&lt;group&gt;</string>
		</dict>
		<key>45A2A62B1B852F22006ACBAE</key>
		<dict>
			<key>containerPortal</key>
			<string>45E503FF1B39CCA5007AE307</string>
			<key>isa</key>
			<string>PBXContainerItemProxy</string>
			<key>proxyType</key>
			<string>1</string>
			<key>remoteGlobalIDString</key>
			<string>45CEE9701B83930C00ED7D23</string>
			<key>remoteInfo</key>
			<string>RTP_OSX</string>
		</dict>
		<key>45A2A62C1B852F22006ACBAE</key>
		<dict>
			<key>isa</key>
			<string>PBXTargetDependency</string>
			<key>target</key>
			<string>45CEE9701B83930C00ED7D23</string>
			<key>targetProxy</key>
			<string>45A2A62B1B852F22006ACBAE</string>
		</dict>
		<key>45A2A62F1B852F72006ACBAE</key>
		<dict>
			<key>fileEncoding</key>
			<string>4</string>
			<key>isa</key>
			<string>PBXFileReference</string>
			<key>lastKnownFileType</key>
			<string>text.plist.xml</string>
			<key>path</key>
			<string>Info.plist</string>
			<key>sourceTree</key>
			<string>&lt;group&gt;</string>
		</dict>
		<key>45A2A6351B853381006ACBAE</key>
		<dict>
			<key>buildActionMask</key>
			<string>2147483647</string>
			<key>files</key>
			<array>
				<string>4526B35C1B85417E001EB22E</string>
				<string>4526B3561B85417E001EB22E</string>
				<string>4526B35D1B85417E001EB22E</string>
				<string>4526B34A1B85417E001EB22E</string>
				<string>4526B34C1B85417E001EB22E</string>
				<string>4526B3631B854E23001EB22E</string>
				<string>4526B35A1B85417E001EB22E</string>
				<string>4526B3591B85417E001EB22E</string>
				<string>4526B3471B85417E001EB22E</string>
				<string>4526B3521B85417E001EB22E</string>
				<string>4526B3581B85417E001EB22E</string>
				<string>4526B34B1B85417E001EB22E</string>
				<string>4526B3511B85417E001EB22E</string>
				<string>4526B3531B85417E001EB22E</string>
				<string>4526B3551B85417E001EB22E</string>
				<string>4526B3491B85417E001EB22E</string>
				<string>4526B3481B85417E001EB22E</string>
				<string>4526B3541B85417E001EB22E</string>
				<string>4526B34D1B85417E001EB22E</string>
				<string>4526B35B1B85417E001EB22E</string>
				<string>4526B34E1B85417E001EB22E</string>
				<string>4526B34F1B85417E001EB22E</string>
				<string>4526B3571B85417E001EB22E</string>
			</array>
			<key>isa</key>
			<string>PBXSourcesBuildPhase</string>
			<key>runOnlyForDeploymentPostprocessing</key>
			<string>0</string>
		</dict>
		<key>45A2A6361B853381006ACBAE</key>
		<dict>
			<key>buildActionMask</key>
			<string>2147483647</string>
			<key>files</key>
			<array/>
			<key>isa</key>
			<string>PBXFrameworksBuildPhase</string>
			<key>runOnlyForDeploymentPostprocessing</key>
			<string>0</string>
		</dict>
		<key>45A2A6371B853381006ACBAE</key>
		<dict>
			<key>buildActionMask</key>
			<string>2147483647</string>
			<key>files</key>
			<array>
				<string>4526B3501B85417E001EB22E</string>
				<string>4526B3661B854FAB001EB22E</string>
			</array>
			<key>isa</key>
			<string>PBXHeadersBuildPhase</string>
			<key>runOnlyForDeploymentPostprocessing</key>
			<string>0</string>
		</dict>
		<key>45A2A6381B853381006ACBAE</key>
		<dict>
			<key>buildActionMask</key>
			<string>2147483647</string>
			<key>files</key>
			<array/>
			<key>isa</key>
			<string>PBXResourcesBuildPhase</string>
			<key>runOnlyForDeploymentPostprocessing</key>
			<string>0</string>
		</dict>
		<key>45A2A6391B853381006ACBAE</key>
		<dict>
			<key>buildConfigurationList</key>
			<string>45A2A6531B853381006ACBAE</string>
			<key>buildPhases</key>
			<array>
				<string>45A2A6351B853381006ACBAE</string>
				<string>45A2A6361B853381006ACBAE</string>
				<string>45A2A6371B853381006ACBAE</string>
				<string>45A2A6381B853381006ACBAE</string>
			</array>
			<key>buildRules</key>
			<array/>
			<key>dependencies</key>
			<array/>
			<key>isa</key>
			<string>PBXNativeTarget</string>
			<key>name</key>
			<string>SwiftRTP_iOS</string>
			<key>productName</key>
			<string>RTP</string>
			<key>productReference</key>
			<string>45A2A63A1B853381006ACBAE</string>
			<key>productType</key>
			<string>com.apple.product-type.framework</string>
		</dict>
		<key>45A2A63A1B853381006ACBAE</key>
		<dict>
			<key>explicitFileType</key>
			<string>wrapper.framework</string>
			<key>includeInIndex</key>
			<string>0</string>
			<key>isa</key>
			<string>PBXFileReference</string>
			<key>path</key>
			<string>SwiftRTP.framework</string>
			<key>sourceTree</key>
			<string>BUILT_PRODUCTS_DIR</string>
		</dict>
		<key>45A2A64F1B853381006ACBAE</key>
		<dict>
			<key>containerPortal</key>
			<string>45E503FF1B39CCA5007AE307</string>
			<key>isa</key>
			<string>PBXContainerItemProxy</string>
			<key>proxyType</key>
			<string>1</string>
			<key>remoteGlobalIDString</key>
			<string>45A2A6391B853381006ACBAE</string>
			<key>remoteInfo</key>
			<string>RTP</string>
		</dict>
		<key>45A2A6501B853381006ACBAE</key>
		<dict>
			<key>isa</key>
			<string>PBXTargetDependency</string>
			<key>target</key>
			<string>45A2A6391B853381006ACBAE</string>
			<key>targetProxy</key>
			<string>45A2A64F1B853381006ACBAE</string>
		</dict>
		<key>45A2A6511B853381006ACBAE</key>
		<dict>
			<key>fileRef</key>
			<string>45A2A63A1B853381006ACBAE</string>
			<key>isa</key>
			<string>PBXBuildFile</string>
		</dict>
		<key>45A2A6531B853381006ACBAE</key>
		<dict>
			<key>buildConfigurations</key>
			<array>
				<string>45A2A6541B853381006ACBAE</string>
				<string>45A2A6551B853381006ACBAE</string>
			</array>
			<key>defaultConfigurationIsVisible</key>
			<string>0</string>
			<key>defaultConfigurationName</key>
			<string>Release</string>
			<key>isa</key>
			<string>XCConfigurationList</string>
		</dict>
		<key>45A2A6541B853381006ACBAE</key>
		<dict>
			<key>buildSettings</key>
			<dict>
				<key>CODE_SIGN_IDENTITY[sdk=iphoneos*]</key>
				<string>iPhone Developer</string>
				<key>CURRENT_PROJECT_VERSION</key>
				<string>1</string>
				<key>DEBUG_INFORMATION_FORMAT</key>
				<string>dwarf-with-dsym</string>
				<key>DEFINES_MODULE</key>
				<string>YES</string>
				<key>DYLIB_COMPATIBILITY_VERSION</key>
				<string>1</string>
				<key>DYLIB_CURRENT_VERSION</key>
				<string>1</string>
				<key>DYLIB_INSTALL_NAME_BASE</key>
				<string>@rpath</string>
				<key>GCC_PREPROCESSOR_DEFINITIONS</key>
				<array>
					<string>DEBUG=1</string>
					<string>$(inherited)</string>
				</array>
				<key>INFOPLIST_FILE</key>
				<string>SwiftRTP/Info.plist</string>
				<key>INSTALL_PATH</key>
				<string>$(LOCAL_LIBRARY_DIR)/Frameworks</string>
				<key>IPHONEOS_DEPLOYMENT_TARGET</key>
				<string>8.0</string>
				<key>LD_RUNPATH_SEARCH_PATHS</key>
				<string>$(inherited) @executable_path/Frameworks @loader_path/Frameworks</string>
				<key>PRODUCT_NAME</key>
				<string>SwiftRTP</string>
				<key>SDKROOT</key>
				<string>iphoneos</string>
				<key>SKIP_INSTALL</key>
				<string>YES</string>
				<key>TARGETED_DEVICE_FAMILY</key>
				<string>1,2</string>
				<key>VERSIONING_SYSTEM</key>
				<string>apple-generic</string>
				<key>VERSION_INFO_PREFIX</key>
				<string></string>
			</dict>
			<key>isa</key>
			<string>XCBuildConfiguration</string>
			<key>name</key>
			<string>Debug</string>
		</dict>
		<key>45A2A6551B853381006ACBAE</key>
		<dict>
			<key>buildSettings</key>
			<dict>
				<key>CODE_SIGN_IDENTITY[sdk=iphoneos*]</key>
				<string>iPhone Developer</string>
				<key>CURRENT_PROJECT_VERSION</key>
				<string>1</string>
				<key>DEFINES_MODULE</key>
				<string>YES</string>
				<key>DYLIB_COMPATIBILITY_VERSION</key>
				<string>1</string>
				<key>DYLIB_CURRENT_VERSION</key>
				<string>1</string>
				<key>DYLIB_INSTALL_NAME_BASE</key>
				<string>@rpath</string>
				<key>INFOPLIST_FILE</key>
				<string>SwiftRTP/Info.plist</string>
				<key>INSTALL_PATH</key>
				<string>$(LOCAL_LIBRARY_DIR)/Frameworks</string>
				<key>IPHONEOS_DEPLOYMENT_TARGET</key>
				<string>8.0</string>
				<key>LD_RUNPATH_SEARCH_PATHS</key>
				<string>$(inherited) @executable_path/Frameworks @loader_path/Frameworks</string>
				<key>PRODUCT_NAME</key>
				<string>SwiftRTP</string>
				<key>SDKROOT</key>
				<string>iphoneos</string>
				<key>SKIP_INSTALL</key>
				<string>YES</string>
				<key>TARGETED_DEVICE_FAMILY</key>
				<string>1,2</string>
				<key>VALIDATE_PRODUCT</key>
				<string>YES</string>
				<key>VERSIONING_SYSTEM</key>
				<string>apple-generic</string>
				<key>VERSION_INFO_PREFIX</key>
				<string></string>
			</dict>
			<key>isa</key>
			<string>XCBuildConfiguration</string>
			<key>name</key>
			<string>Release</string>
		</dict>
		<key>45A2A6591B853436006ACBAE</key>
		<dict>
			<key>buildConfigurationList</key>
			<string>45A2A65A1B853436006ACBAE</string>
			<key>buildPhases</key>
			<array/>
			<key>dependencies</key>
			<array>
				<string>45A2A65E1B853440006ACBAE</string>
				<string>45A2A6601B853440006ACBAE</string>
				<string>45A2A6621B853440006ACBAE</string>
			</array>
			<key>isa</key>
			<string>PBXAggregateTarget</string>
			<key>name</key>
			<string>All</string>
			<key>productName</key>
			<string>All</string>
		</dict>
		<key>45A2A65A1B853436006ACBAE</key>
		<dict>
			<key>buildConfigurations</key>
			<array>
				<string>45A2A65B1B853436006ACBAE</string>
				<string>45A2A65C1B853436006ACBAE</string>
			</array>
			<key>defaultConfigurationIsVisible</key>
			<string>0</string>
			<key>defaultConfigurationName</key>
			<string>Release</string>
			<key>isa</key>
			<string>XCConfigurationList</string>
		</dict>
		<key>45A2A65B1B853436006ACBAE</key>
		<dict>
			<key>buildSettings</key>
			<dict>
				<key>PRODUCT_NAME</key>
				<string>$(TARGET_NAME)</string>
			</dict>
			<key>isa</key>
			<string>XCBuildConfiguration</string>
			<key>name</key>
			<string>Debug</string>
		</dict>
		<key>45A2A65C1B853436006ACBAE</key>
		<dict>
			<key>buildSettings</key>
			<dict>
				<key>PRODUCT_NAME</key>
				<string>$(TARGET_NAME)</string>
			</dict>
			<key>isa</key>
			<string>XCBuildConfiguration</string>
			<key>name</key>
			<string>Release</string>
		</dict>
		<key>45A2A65D1B853440006ACBAE</key>
		<dict>
			<key>containerPortal</key>
			<string>45E503FF1B39CCA5007AE307</string>
			<key>isa</key>
			<string>PBXContainerItemProxy</string>
			<key>proxyType</key>
			<string>1</string>
			<key>remoteGlobalIDString</key>
			<string>45E504061B39CCA5007AE307</string>
			<key>remoteInfo</key>
			<string>RTP Test</string>
		</dict>
		<key>45A2A65E1B853440006ACBAE</key>
		<dict>
			<key>isa</key>
			<string>PBXTargetDependency</string>
			<key>target</key>
			<string>45E504061B39CCA5007AE307</string>
			<key>targetProxy</key>
			<string>45A2A65D1B853440006ACBAE</string>
		</dict>
		<key>45A2A65F1B853440006ACBAE</key>
		<dict>
			<key>containerPortal</key>
			<string>45E503FF1B39CCA5007AE307</string>
			<key>isa</key>
			<string>PBXContainerItemProxy</string>
			<key>proxyType</key>
			<string>1</string>
			<key>remoteGlobalIDString</key>
			<string>45CEE9701B83930C00ED7D23</string>
			<key>remoteInfo</key>
			<string>RTP_OSX</string>
		</dict>
		<key>45A2A6601B853440006ACBAE</key>
		<dict>
			<key>isa</key>
			<string>PBXTargetDependency</string>
			<key>target</key>
			<string>45CEE9701B83930C00ED7D23</string>
			<key>targetProxy</key>
			<string>45A2A65F1B853440006ACBAE</string>
		</dict>
		<key>45A2A6611B853440006ACBAE</key>
		<dict>
			<key>containerPortal</key>
			<string>45E503FF1B39CCA5007AE307</string>
			<key>isa</key>
			<string>PBXContainerItemProxy</string>
			<key>proxyType</key>
			<string>1</string>
			<key>remoteGlobalIDString</key>
			<string>45A2A6391B853381006ACBAE</string>
			<key>remoteInfo</key>
			<string>RTP_iOS</string>
		</dict>
		<key>45A2A6621B853440006ACBAE</key>
		<dict>
			<key>isa</key>
			<string>PBXTargetDependency</string>
			<key>target</key>
			<string>45A2A6391B853381006ACBAE</string>
			<key>targetProxy</key>
			<string>45A2A6611B853440006ACBAE</string>
		</dict>
		<key>45ACBEB21B86653D004C0525</key>
		<dict>
			<key>children</key>
			<array>
				<string>45ACBEB31B8665B9004C0525</string>
				<string>4540CEF71B83B61F00229CC9</string>
				<string>457EF94F1B83B7D400A432FA</string>
			</array>
			<key>isa</key>
			<string>PBXGroup</string>
			<key>path</key>
			<string>Support</string>
			<key>sourceTree</key>
			<string>&lt;group&gt;</string>
		</dict>
		<key>45ACBEB31B8665B9004C0525</key>
		<dict>
			<key>isa</key>
			<string>PBXFileReference</string>
			<key>lastKnownFileType</key>
			<string>net.daringfireball.markdown</string>
			<key>path</key>
			<string>README.markdown</string>
			<key>sourceTree</key>
			<string>&lt;group&gt;</string>
		</dict>
		<key>45CEE96C1B83930C00ED7D23</key>
		<dict>
			<key>buildActionMask</key>
			<string>2147483647</string>
			<key>files</key>
			<array>
				<string>457EF9901B83B88200A432FA</string>
				<string>4540CF111B83B61F00229CC9</string>
				<string>452C71091B83D05700897FE1</string>
				<string>45CEE9801B83937800ED7D23</string>
				<string>45CEE9821B83937800ED7D23</string>
				<string>4526B3641B854E23001EB22E</string>
				<string>45CEE97F1B83937800ED7D23</string>
				<string>4540CF1B1B83B67700229CC9</string>
				<string>457EF9771B83B7D400A432FA</string>
				<string>4540CF121B83B61F00229CC9</string>
				<string>4540CF0E1B83B61F00229CC9</string>
				<string>457EF97F1B83B7D400A432FA</string>
				<string>45CEE9811B83937800ED7D23</string>
				<string>4540CF091B83B61F00229CC9</string>
				<string>45CEE97E1B83937800ED7D23</string>
				<string>45CEE9841B83937800ED7D23</string>
				<string>45CEE9831B83937800ED7D23</string>
				<string>45CEE9851B83937800ED7D23</string>
				<string>457EF97B1B83B7D400A432FA</string>
				<string>4540CF191B83B61F00229CC9</string>
				<string>452C70F61B83CB5C00897FE1</string>
				<string>4540CF1C1B83B6F100229CC9</string>
				<string>45CEE9891B83970800ED7D23</string>
			</array>
			<key>isa</key>
			<string>PBXSourcesBuildPhase</string>
			<key>runOnlyForDeploymentPostprocessing</key>
			<string>0</string>
		</dict>
		<key>45CEE96D1B83930C00ED7D23</key>
		<dict>
			<key>buildActionMask</key>
			<string>2147483647</string>
			<key>files</key>
			<array/>
			<key>isa</key>
			<string>PBXFrameworksBuildPhase</string>
			<key>runOnlyForDeploymentPostprocessing</key>
			<string>0</string>
		</dict>
		<key>45CEE96E1B83930C00ED7D23</key>
		<dict>
			<key>buildActionMask</key>
			<string>2147483647</string>
			<key>files</key>
			<array>
				<string>45CEE9741B83930C00ED7D23</string>
				<string>4526B3651B854FA7001EB22E</string>
			</array>
			<key>isa</key>
			<string>PBXHeadersBuildPhase</string>
			<key>runOnlyForDeploymentPostprocessing</key>
			<string>0</string>
		</dict>
		<key>45CEE96F1B83930C00ED7D23</key>
		<dict>
			<key>buildActionMask</key>
			<string>2147483647</string>
			<key>files</key>
			<array/>
			<key>isa</key>
			<string>PBXResourcesBuildPhase</string>
			<key>runOnlyForDeploymentPostprocessing</key>
			<string>0</string>
		</dict>
		<key>45CEE9701B83930C00ED7D23</key>
		<dict>
			<key>buildConfigurationList</key>
			<string>45CEE97C1B83930C00ED7D23</string>
			<key>buildPhases</key>
			<array>
				<string>45CEE96C1B83930C00ED7D23</string>
				<string>45CEE96D1B83930C00ED7D23</string>
				<string>45CEE96E1B83930C00ED7D23</string>
				<string>45CEE96F1B83930C00ED7D23</string>
			</array>
			<key>buildRules</key>
			<array/>
			<key>dependencies</key>
			<array/>
			<key>isa</key>
			<string>PBXNativeTarget</string>
			<key>name</key>
			<string>SwiftRTP_OSX</string>
			<key>productName</key>
			<string>RTP</string>
			<key>productReference</key>
			<string>45CEE9711B83930C00ED7D23</string>
			<key>productType</key>
			<string>com.apple.product-type.framework</string>
		</dict>
		<key>45CEE9711B83930C00ED7D23</key>
		<dict>
			<key>explicitFileType</key>
			<string>wrapper.framework</string>
			<key>includeInIndex</key>
			<string>0</string>
			<key>isa</key>
			<string>PBXFileReference</string>
			<key>path</key>
			<string>SwiftRTP.framework</string>
			<key>sourceTree</key>
			<string>BUILT_PRODUCTS_DIR</string>
		</dict>
		<key>45CEE9721B83930C00ED7D23</key>
		<dict>
			<key>children</key>
			<array>
				<string>451E2D801B435F8B00F93401</string>
				<string>45DA8D5F1B3E1FC9001F739F</string>
				<string>45CEE9881B83970800ED7D23</string>
				<string>45DA8D651B3E22FB001F739F</string>
				<string>4511DD421B4472BA004EA078</string>
				<string>451E2D871B4360FB00F93401</string>
				<string>451E2D891B43614800F93401</string>
				<string>45DBF7621B448189005705E2</string>
				<string>45CEE98B1B839B2B00ED7D23</string>
				<string>45194E731B7D43230017E89A</string>
				<string>45194E711B7D431B0017E89A</string>
				<string>45A2A62F1B852F72006ACBAE</string>
				<string>45CEE9731B83930C00ED7D23</string>
			</array>
			<key>isa</key>
			<string>PBXGroup</string>
			<key>name</key>
			<string>SwiftRTP</string>
			<key>path</key>
			<string>SwiftRTP</string>
			<key>sourceTree</key>
			<string>&lt;group&gt;</string>
		</dict>
		<key>45CEE9731B83930C00ED7D23</key>
		<dict>
			<key>isa</key>
			<string>PBXFileReference</string>
			<key>lastKnownFileType</key>
			<string>sourcecode.c.h</string>
			<key>path</key>
			<string>SwiftRTP.h</string>
			<key>sourceTree</key>
			<string>&lt;group&gt;</string>
		</dict>
		<key>45CEE9741B83930C00ED7D23</key>
		<dict>
			<key>fileRef</key>
			<string>45CEE9731B83930C00ED7D23</string>
			<key>isa</key>
			<string>PBXBuildFile</string>
			<key>settings</key>
			<dict>
				<key>ATTRIBUTES</key>
				<array>
					<string>Public</string>
				</array>
			</dict>
		</dict>
		<key>45CEE9791B83930C00ED7D23</key>
		<dict>
			<key>fileRef</key>
			<string>45CEE9711B83930C00ED7D23</string>
			<key>isa</key>
			<string>PBXBuildFile</string>
			<key>settings</key>
			<dict>
				<key>ATTRIBUTES</key>
				<array>
					<string>CodeSignOnCopy</string>
					<string>RemoveHeadersOnCopy</string>
				</array>
			</dict>
		</dict>
		<key>45CEE97A1B83930C00ED7D23</key>
		<dict>
			<key>buildSettings</key>
			<dict>
				<key>COMBINE_HIDPI_IMAGES</key>
				<string>YES</string>
				<key>CURRENT_PROJECT_VERSION</key>
				<string>1</string>
				<key>DEFINES_MODULE</key>
				<string>YES</string>
				<key>DYLIB_COMPATIBILITY_VERSION</key>
				<string>1</string>
				<key>DYLIB_CURRENT_VERSION</key>
				<string>1</string>
				<key>DYLIB_INSTALL_NAME_BASE</key>
				<string>@rpath</string>
				<key>FRAMEWORK_VERSION</key>
				<string>A</string>
				<key>INFOPLIST_FILE</key>
				<string>SwiftRTP/Info.plist</string>
				<key>INSTALL_PATH</key>
				<string>$(LOCAL_LIBRARY_DIR)/Frameworks</string>
				<key>LD_RUNPATH_SEARCH_PATHS</key>
				<string>$(inherited) @executable_path/../Frameworks @loader_path/Frameworks</string>
				<key>MACOSX_DEPLOYMENT_TARGET</key>
				<string>10.10</string>
				<key>PRODUCT_BUNDLE_IDENTIFIER</key>
				<string>io.schwa.RTP</string>
				<key>PRODUCT_NAME</key>
				<string>SwiftRTP</string>
				<key>SKIP_INSTALL</key>
				<string>YES</string>
				<key>VERSIONING_SYSTEM</key>
				<string>apple-generic</string>
				<key>VERSION_INFO_PREFIX</key>
				<string></string>
			</dict>
			<key>isa</key>
			<string>XCBuildConfiguration</string>
			<key>name</key>
			<string>Debug</string>
		</dict>
		<key>45CEE97B1B83930C00ED7D23</key>
		<dict>
			<key>buildSettings</key>
			<dict>
				<key>COMBINE_HIDPI_IMAGES</key>
				<string>YES</string>
				<key>CURRENT_PROJECT_VERSION</key>
				<string>1</string>
				<key>DEFINES_MODULE</key>
				<string>YES</string>
				<key>DYLIB_COMPATIBILITY_VERSION</key>
				<string>1</string>
				<key>DYLIB_CURRENT_VERSION</key>
				<string>1</string>
				<key>DYLIB_INSTALL_NAME_BASE</key>
				<string>@rpath</string>
				<key>FRAMEWORK_VERSION</key>
				<string>A</string>
				<key>INFOPLIST_FILE</key>
				<string>SwiftRTP/Info.plist</string>
				<key>INSTALL_PATH</key>
				<string>$(LOCAL_LIBRARY_DIR)/Frameworks</string>
				<key>LD_RUNPATH_SEARCH_PATHS</key>
				<string>$(inherited) @executable_path/../Frameworks @loader_path/Frameworks</string>
				<key>MACOSX_DEPLOYMENT_TARGET</key>
				<string>10.10</string>
				<key>PRODUCT_BUNDLE_IDENTIFIER</key>
				<string>io.schwa.RTP</string>
				<key>PRODUCT_NAME</key>
				<string>SwiftRTP</string>
				<key>SKIP_INSTALL</key>
				<string>YES</string>
				<key>VERSIONING_SYSTEM</key>
				<string>apple-generic</string>
				<key>VERSION_INFO_PREFIX</key>
				<string></string>
			</dict>
			<key>isa</key>
			<string>XCBuildConfiguration</string>
			<key>name</key>
			<string>Release</string>
		</dict>
		<key>45CEE97C1B83930C00ED7D23</key>
		<dict>
			<key>buildConfigurations</key>
			<array>
				<string>45CEE97A1B83930C00ED7D23</string>
				<string>45CEE97B1B83930C00ED7D23</string>
			</array>
			<key>defaultConfigurationIsVisible</key>
			<string>0</string>
			<key>defaultConfigurationName</key>
			<string>Release</string>
			<key>isa</key>
			<string>XCConfigurationList</string>
		</dict>
		<key>45CEE97E1B83937800ED7D23</key>
		<dict>
			<key>fileRef</key>
			<string>451E2D801B435F8B00F93401</string>
			<key>isa</key>
			<string>PBXBuildFile</string>
		</dict>
		<key>45CEE97F1B83937800ED7D23</key>
		<dict>
			<key>fileRef</key>
			<string>45DA8D5F1B3E1FC9001F739F</string>
			<key>isa</key>
			<string>PBXBuildFile</string>
		</dict>
		<key>45CEE9801B83937800ED7D23</key>
		<dict>
			<key>fileRef</key>
			<string>45DA8D651B3E22FB001F739F</string>
			<key>isa</key>
			<string>PBXBuildFile</string>
		</dict>
		<key>45CEE9811B83937800ED7D23</key>
		<dict>
			<key>fileRef</key>
			<string>4511DD421B4472BA004EA078</string>
			<key>isa</key>
			<string>PBXBuildFile</string>
		</dict>
		<key>45CEE9821B83937800ED7D23</key>
		<dict>
			<key>fileRef</key>
			<string>451E2D871B4360FB00F93401</string>
			<key>isa</key>
			<string>PBXBuildFile</string>
		</dict>
		<key>45CEE9831B83937800ED7D23</key>
		<dict>
			<key>fileRef</key>
			<string>451E2D891B43614800F93401</string>
			<key>isa</key>
			<string>PBXBuildFile</string>
		</dict>
		<key>45CEE9841B83937800ED7D23</key>
		<dict>
			<key>fileRef</key>
			<string>45DBF7621B448189005705E2</string>
			<key>isa</key>
			<string>PBXBuildFile</string>
		</dict>
		<key>45CEE9851B83937800ED7D23</key>
		<dict>
			<key>fileRef</key>
			<string>45194E711B7D431B0017E89A</string>
			<key>isa</key>
			<string>PBXBuildFile</string>
		</dict>
		<key>45CEE9881B83970800ED7D23</key>
		<dict>
			<key>fileEncoding</key>
			<string>4</string>
			<key>isa</key>
			<string>PBXFileReference</string>
			<key>lastKnownFileType</key>
			<string>sourcecode.swift</string>
			<key>path</key>
			<string>FragmentationUnitDefragmenter.swift</string>
			<key>sourceTree</key>
			<string>&lt;group&gt;</string>
		</dict>
		<key>45CEE9891B83970800ED7D23</key>
		<dict>
			<key>fileRef</key>
			<string>45CEE9881B83970800ED7D23</string>
			<key>isa</key>
			<string>PBXBuildFile</string>
		</dict>
		<key>45CEE98A1B839A6300ED7D23</key>
		<dict>
			<key>fileEncoding</key>
			<string>4</string>
			<key>isa</key>
			<string>PBXFileReference</string>
			<key>lastKnownFileType</key>
			<string>sourcecode.c.h</string>
			<key>path</key>
			<string>RTP Test-Bridging-Header.h</string>
			<key>sourceTree</key>
			<string>&lt;group&gt;</string>
		</dict>
		<key>45CEE98B1B839B2B00ED7D23</key>
		<dict>
			<key>fileEncoding</key>
			<string>4</string>
			<key>isa</key>
			<string>PBXFileReference</string>
			<key>lastKnownFileType</key>
			<string>sourcecode.swift</string>
			<key>path</key>
			<string>DecompressionSession.swift</string>
			<key>sourceTree</key>
			<string>&lt;group&gt;</string>
		</dict>
		<key>45DA8D5F1B3E1FC9001F739F</key>
		<dict>
			<key>fileEncoding</key>
			<string>4</string>
			<key>isa</key>
			<string>PBXFileReference</string>
			<key>lastKnownFileType</key>
			<string>sourcecode.swift</string>
			<key>path</key>
			<string>RTPProcessor.swift</string>
			<key>sourceTree</key>
			<string>&lt;group&gt;</string>
		</dict>
		<key>45DA8D651B3E22FB001F739F</key>
		<dict>
			<key>fileEncoding</key>
			<string>4</string>
			<key>isa</key>
			<string>PBXFileReference</string>
			<key>lastKnownFileType</key>
			<string>sourcecode.swift</string>
			<key>path</key>
			<string>RTPTypes.swift</string>
			<key>sourceTree</key>
			<string>&lt;group&gt;</string>
		</dict>
		<key>45DBF7621B448189005705E2</key>
		<dict>
			<key>fileEncoding</key>
			<string>4</string>
			<key>isa</key>
			<string>PBXFileReference</string>
			<key>lastKnownFileType</key>
			<string>sourcecode.swift</string>
			<key>path</key>
			<string>RTPUtilities.swift</string>
			<key>sourceTree</key>
			<string>&lt;group&gt;</string>
		</dict>
		<key>45E503FE1B39CCA5007AE307</key>
		<dict>
			<key>children</key>
			<array>
				<string>4596DEFF1B825E0E00A5FD87</string>
				<string>45E504091B39CCA5007AE307</string>
				<string>45CEE9721B83930C00ED7D23</string>
				<string>45ACBEB21B86653D004C0525</string>
				<string>451868DA1B3CD10300BBBCD8</string>
				<string>45E504081B39CCA5007AE307</string>
			</array>
			<key>isa</key>
			<string>PBXGroup</string>
			<key>sourceTree</key>
			<string>&lt;group&gt;</string>
		</dict>
		<key>45E503FF1B39CCA5007AE307</key>
		<dict>
			<key>attributes</key>
			<dict>
				<key>LastSwiftUpdateCheck</key>
				<string>0700</string>
				<key>LastUpgradeCheck</key>
				<string>0700</string>
				<key>ORGANIZATIONNAME</key>
				<string>schwa</string>
				<key>TargetAttributes</key>
				<dict>
					<key>45A2A6391B853381006ACBAE</key>
					<dict>
						<key>CreatedOnToolsVersion</key>
						<string>6.4</string>
					</dict>
					<key>45A2A6591B853436006ACBAE</key>
					<dict>
						<key>CreatedOnToolsVersion</key>
						<string>6.4</string>
					</dict>
					<key>45CEE9701B83930C00ED7D23</key>
					<dict>
						<key>CreatedOnToolsVersion</key>
						<string>7.0</string>
					</dict>
					<key>45E504061B39CCA5007AE307</key>
					<dict>
						<key>CreatedOnToolsVersion</key>
						<string>6.3.2</string>
					</dict>
				</dict>
			</dict>
			<key>buildConfigurationList</key>
			<string>45E504021B39CCA5007AE307</string>
			<key>compatibilityVersion</key>
			<string>Xcode 3.2</string>
			<key>developmentRegion</key>
			<string>English</string>
			<key>hasScannedForEncodings</key>
			<string>0</string>
			<key>isa</key>
			<string>PBXProject</string>
			<key>knownRegions</key>
			<array>
				<string>en</string>
				<string>Base</string>
			</array>
			<key>mainGroup</key>
			<string>45E503FE1B39CCA5007AE307</string>
			<key>productRefGroup</key>
			<string>45E504081B39CCA5007AE307</string>
			<key>projectDirPath</key>
			<string></string>
			<key>projectReferences</key>
			<array/>
			<key>projectRoot</key>
			<string></string>
			<key>targets</key>
			<array>
				<string>45A2A6591B853436006ACBAE</string>
				<string>45E504061B39CCA5007AE307</string>
				<string>45CEE9701B83930C00ED7D23</string>
				<string>45A2A6391B853381006ACBAE</string>
			</array>
		</dict>
		<key>45E504021B39CCA5007AE307</key>
		<dict>
			<key>buildConfigurations</key>
			<array>
				<string>45E504211B39CCA6007AE307</string>
				<string>45E504221B39CCA6007AE307</string>
			</array>
			<key>defaultConfigurationIsVisible</key>
			<string>0</string>
			<key>defaultConfigurationName</key>
			<string>Release</string>
			<key>isa</key>
			<string>XCConfigurationList</string>
		</dict>
		<key>45E504031B39CCA5007AE307</key>
		<dict>
			<key>buildActionMask</key>
			<string>2147483647</string>
			<key>files</key>
			<array>
				<string>451868DD1B3CD37300BBBCD8</string>
				<string>4532ADD21B852066002080D7</string>
				<string>45E5040F1B39CCA5007AE307</string>
				<string>45E5040D1B39CCA5007AE307</string>
			</array>
			<key>isa</key>
			<string>PBXSourcesBuildPhase</string>
			<key>runOnlyForDeploymentPostprocessing</key>
			<string>0</string>
		</dict>
		<key>45E504041B39CCA5007AE307</key>
		<dict>
			<key>buildActionMask</key>
			<string>2147483647</string>
			<key>files</key>
			<array>
				<string>451868D91B3CD0FE00BBBCD8</string>
				<string>451868D71B3CD0F400BBBCD8</string>
				<string>451868D51B3CD0EF00BBBCD8</string>
				<string>451868D31B3CD0E600BBBCD8</string>
				<string>451868CD1B3CD0E000BBBCD8</string>
				<string>45A2A6511B853381006ACBAE</string>
			</array>
			<key>isa</key>
			<string>PBXFrameworksBuildPhase</string>
			<key>runOnlyForDeploymentPostprocessing</key>
			<string>0</string>
		</dict>
		<key>45E504051B39CCA5007AE307</key>
		<dict>
			<key>buildActionMask</key>
			<string>2147483647</string>
			<key>files</key>
			<array>
				<string>45E504111B39CCA5007AE307</string>
				<string>45E504141B39CCA5007AE307</string>
			</array>
			<key>isa</key>
			<string>PBXResourcesBuildPhase</string>
			<key>runOnlyForDeploymentPostprocessing</key>
			<string>0</string>
		</dict>
		<key>45E504061B39CCA5007AE307</key>
		<dict>
			<key>buildConfigurationList</key>
			<string>45E504231B39CCA6007AE307</string>
			<key>buildPhases</key>
			<array>
				<string>45E504031B39CCA5007AE307</string>
				<string>45E504041B39CCA5007AE307</string>
				<string>45E504051B39CCA5007AE307</string>
				<string>45E504641B39CD9E007AE307</string>
			</array>
			<key>buildRules</key>
			<array/>
			<key>dependencies</key>
			<array>
				<string>45A2A62C1B852F22006ACBAE</string>
				<string>45A2A6501B853381006ACBAE</string>
			</array>
			<key>isa</key>
			<string>PBXNativeTarget</string>
			<key>name</key>
			<string>SwiftRTP Test</string>
			<key>productName</key>
			<string>RTP Test</string>
			<key>productReference</key>
			<string>45E504071B39CCA5007AE307</string>
			<key>productType</key>
			<string>com.apple.product-type.application</string>
		</dict>
		<key>45E504071B39CCA5007AE307</key>
		<dict>
			<key>explicitFileType</key>
			<string>wrapper.application</string>
			<key>includeInIndex</key>
			<string>0</string>
			<key>isa</key>
			<string>PBXFileReference</string>
			<key>path</key>
			<string>SwiftRTP Test.app</string>
			<key>sourceTree</key>
			<string>BUILT_PRODUCTS_DIR</string>
		</dict>
		<key>45E504081B39CCA5007AE307</key>
		<dict>
			<key>children</key>
			<array>
				<string>45E504071B39CCA5007AE307</string>
				<string>45CEE9711B83930C00ED7D23</string>
				<string>45A2A63A1B853381006ACBAE</string>
			</array>
			<key>isa</key>
			<string>PBXGroup</string>
			<key>name</key>
			<string>Products</string>
			<key>sourceTree</key>
			<string>&lt;group&gt;</string>
		</dict>
		<key>45E504091B39CCA5007AE307</key>
		<dict>
			<key>children</key>
			<array>
				<string>45E5040C1B39CCA5007AE307</string>
				<string>45E5040E1B39CCA5007AE307</string>
				<string>451868DC1B3CD37300BBBCD8</string>
				<string>45E504121B39CCA5007AE307</string>
				<string>45CEE98A1B839A6300ED7D23</string>
				<string>4532ADD11B852066002080D7</string>
				<string>45E504101B39CCA5007AE307</string>
				<string>45E5040A1B39CCA5007AE307</string>
			</array>
			<key>isa</key>
			<string>PBXGroup</string>
			<key>name</key>
			<string>SwiftRTP Test</string>
			<key>path</key>
			<string>SwiftRTP Test</string>
			<key>sourceTree</key>
			<string>&lt;group&gt;</string>
		</dict>
		<key>45E5040A1B39CCA5007AE307</key>
		<dict>
			<key>children</key>
			<array>
				<string>45E5040B1B39CCA5007AE307</string>
			</array>
			<key>isa</key>
			<string>PBXGroup</string>
			<key>path</key>
			<string>Supporting Files</string>
			<key>sourceTree</key>
			<string>&lt;group&gt;</string>
		</dict>
		<key>45E5040B1B39CCA5007AE307</key>
		<dict>
			<key>isa</key>
			<string>PBXFileReference</string>
			<key>lastKnownFileType</key>
			<string>text.plist.xml</string>
			<key>path</key>
			<string>Info.plist</string>
			<key>sourceTree</key>
			<string>&lt;group&gt;</string>
		</dict>
		<key>45E5040C1B39CCA5007AE307</key>
		<dict>
			<key>isa</key>
			<string>PBXFileReference</string>
			<key>lastKnownFileType</key>
			<string>sourcecode.swift</string>
			<key>path</key>
			<string>AppDelegate.swift</string>
			<key>sourceTree</key>
			<string>&lt;group&gt;</string>
		</dict>
		<key>45E5040D1B39CCA5007AE307</key>
		<dict>
			<key>fileRef</key>
			<string>45E5040C1B39CCA5007AE307</string>
			<key>isa</key>
			<string>PBXBuildFile</string>
		</dict>
		<key>45E5040E1B39CCA5007AE307</key>
		<dict>
			<key>isa</key>
			<string>PBXFileReference</string>
			<key>lastKnownFileType</key>
			<string>sourcecode.swift</string>
			<key>path</key>
			<string>ViewController.swift</string>
			<key>sourceTree</key>
			<string>&lt;group&gt;</string>
		</dict>
		<key>45E5040F1B39CCA5007AE307</key>
		<dict>
			<key>fileRef</key>
			<string>45E5040E1B39CCA5007AE307</string>
			<key>isa</key>
			<string>PBXBuildFile</string>
		</dict>
		<key>45E504101B39CCA5007AE307</key>
		<dict>
			<key>isa</key>
			<string>PBXFileReference</string>
			<key>lastKnownFileType</key>
			<string>folder.assetcatalog</string>
			<key>path</key>
			<string>Images.xcassets</string>
			<key>sourceTree</key>
			<string>&lt;group&gt;</string>
		</dict>
		<key>45E504111B39CCA5007AE307</key>
		<dict>
			<key>fileRef</key>
			<string>45E504101B39CCA5007AE307</string>
			<key>isa</key>
			<string>PBXBuildFile</string>
		</dict>
		<key>45E504121B39CCA5007AE307</key>
		<dict>
			<key>children</key>
			<array>
				<string>45E504131B39CCA5007AE307</string>
			</array>
			<key>isa</key>
			<string>PBXVariantGroup</string>
			<key>name</key>
			<string>Main.storyboard</string>
			<key>path</key>
			<string>.</string>
			<key>sourceTree</key>
			<string>&lt;group&gt;</string>
		</dict>
		<key>45E504131B39CCA5007AE307</key>
		<dict>
			<key>isa</key>
			<string>PBXFileReference</string>
			<key>lastKnownFileType</key>
			<string>file.storyboard</string>
			<key>name</key>
			<string>Base</string>
			<key>path</key>
			<string>Base.lproj/Main.storyboard</string>
			<key>sourceTree</key>
			<string>&lt;group&gt;</string>
		</dict>
		<key>45E504141B39CCA5007AE307</key>
		<dict>
			<key>fileRef</key>
			<string>45E504121B39CCA5007AE307</string>
			<key>isa</key>
			<string>PBXBuildFile</string>
		</dict>
		<key>45E504211B39CCA6007AE307</key>
		<dict>
			<key>buildSettings</key>
			<dict>
				<key>ALWAYS_SEARCH_USER_PATHS</key>
				<string>NO</string>
				<key>CLANG_CXX_LANGUAGE_STANDARD</key>
				<string>gnu++0x</string>
				<key>CLANG_CXX_LIBRARY</key>
				<string>libc++</string>
				<key>CLANG_ENABLE_MODULES</key>
				<string>YES</string>
				<key>CLANG_ENABLE_OBJC_ARC</key>
				<string>YES</string>
				<key>CLANG_WARN_BOOL_CONVERSION</key>
				<string>YES</string>
				<key>CLANG_WARN_CONSTANT_CONVERSION</key>
				<string>YES</string>
				<key>CLANG_WARN_DIRECT_OBJC_ISA_USAGE</key>
				<string>YES_ERROR</string>
				<key>CLANG_WARN_EMPTY_BODY</key>
				<string>YES</string>
				<key>CLANG_WARN_ENUM_CONVERSION</key>
				<string>YES</string>
				<key>CLANG_WARN_INT_CONVERSION</key>
				<string>YES</string>
				<key>CLANG_WARN_OBJC_ROOT_CLASS</key>
				<string>YES_ERROR</string>
				<key>CLANG_WARN_UNREACHABLE_CODE</key>
				<string>YES</string>
				<key>CLANG_WARN__DUPLICATE_METHOD_MATCH</key>
				<string>YES</string>
				<key>CODE_SIGN_IDENTITY</key>
				<string>-</string>
				<key>COPY_PHASE_STRIP</key>
				<string>NO</string>
				<key>DEBUG_INFORMATION_FORMAT</key>
				<string>dwarf</string>
				<key>ENABLE_STRICT_OBJC_MSGSEND</key>
				<string>YES</string>
				<key>ENABLE_TESTABILITY</key>
				<string>YES</string>
				<key>GCC_C_LANGUAGE_STANDARD</key>
				<string>gnu99</string>
				<key>GCC_DYNAMIC_NO_PIC</key>
				<string>NO</string>
				<key>GCC_NO_COMMON_BLOCKS</key>
				<string>YES</string>
				<key>GCC_OPTIMIZATION_LEVEL</key>
				<string>0</string>
				<key>GCC_PREPROCESSOR_DEFINITIONS</key>
				<array>
					<string>DEBUG=1</string>
					<string>$(inherited)</string>
				</array>
				<key>GCC_SYMBOLS_PRIVATE_EXTERN</key>
				<string>NO</string>
				<key>GCC_WARN_64_TO_32_BIT_CONVERSION</key>
				<string>YES</string>
				<key>GCC_WARN_ABOUT_RETURN_TYPE</key>
				<string>YES_ERROR</string>
				<key>GCC_WARN_UNDECLARED_SELECTOR</key>
				<string>YES</string>
				<key>GCC_WARN_UNINITIALIZED_AUTOS</key>
				<string>YES_AGGRESSIVE</string>
				<key>GCC_WARN_UNUSED_FUNCTION</key>
				<string>YES</string>
				<key>GCC_WARN_UNUSED_VARIABLE</key>
				<string>YES</string>
				<key>MACOSX_DEPLOYMENT_TARGET</key>
				<string>10.10</string>
				<key>MTL_ENABLE_DEBUG_INFO</key>
				<string>YES</string>
				<key>ONLY_ACTIVE_ARCH</key>
				<string>YES</string>
				<key>SDKROOT</key>
				<string>macosx</string>
				<key>SWIFT_OPTIMIZATION_LEVEL</key>
				<string>-Onone</string>
			</dict>
			<key>isa</key>
			<string>XCBuildConfiguration</string>
			<key>name</key>
			<string>Debug</string>
		</dict>
		<key>45E504221B39CCA6007AE307</key>
		<dict>
			<key>buildSettings</key>
			<dict>
				<key>ALWAYS_SEARCH_USER_PATHS</key>
				<string>NO</string>
				<key>CLANG_CXX_LANGUAGE_STANDARD</key>
				<string>gnu++0x</string>
				<key>CLANG_CXX_LIBRARY</key>
				<string>libc++</string>
				<key>CLANG_ENABLE_MODULES</key>
				<string>YES</string>
				<key>CLANG_ENABLE_OBJC_ARC</key>
				<string>YES</string>
				<key>CLANG_WARN_BOOL_CONVERSION</key>
				<string>YES</string>
				<key>CLANG_WARN_CONSTANT_CONVERSION</key>
				<string>YES</string>
				<key>CLANG_WARN_DIRECT_OBJC_ISA_USAGE</key>
				<string>YES_ERROR</string>
				<key>CLANG_WARN_EMPTY_BODY</key>
				<string>YES</string>
				<key>CLANG_WARN_ENUM_CONVERSION</key>
				<string>YES</string>
				<key>CLANG_WARN_INT_CONVERSION</key>
				<string>YES</string>
				<key>CLANG_WARN_OBJC_ROOT_CLASS</key>
				<string>YES_ERROR</string>
				<key>CLANG_WARN_UNREACHABLE_CODE</key>
				<string>YES</string>
				<key>CLANG_WARN__DUPLICATE_METHOD_MATCH</key>
				<string>YES</string>
				<key>CODE_SIGN_IDENTITY</key>
				<string>-</string>
				<key>COPY_PHASE_STRIP</key>
				<string>NO</string>
				<key>DEBUG_INFORMATION_FORMAT</key>
				<string>dwarf-with-dsym</string>
				<key>ENABLE_NS_ASSERTIONS</key>
				<string>NO</string>
				<key>ENABLE_STRICT_OBJC_MSGSEND</key>
				<string>YES</string>
				<key>GCC_C_LANGUAGE_STANDARD</key>
				<string>gnu99</string>
				<key>GCC_NO_COMMON_BLOCKS</key>
				<string>YES</string>
				<key>GCC_WARN_64_TO_32_BIT_CONVERSION</key>
				<string>YES</string>
				<key>GCC_WARN_ABOUT_RETURN_TYPE</key>
				<string>YES_ERROR</string>
				<key>GCC_WARN_UNDECLARED_SELECTOR</key>
				<string>YES</string>
				<key>GCC_WARN_UNINITIALIZED_AUTOS</key>
				<string>YES_AGGRESSIVE</string>
				<key>GCC_WARN_UNUSED_FUNCTION</key>
				<string>YES</string>
				<key>GCC_WARN_UNUSED_VARIABLE</key>
				<string>YES</string>
				<key>MACOSX_DEPLOYMENT_TARGET</key>
				<string>10.10</string>
				<key>MTL_ENABLE_DEBUG_INFO</key>
				<string>NO</string>
				<key>SDKROOT</key>
				<string>macosx</string>
			</dict>
			<key>isa</key>
			<string>XCBuildConfiguration</string>
			<key>name</key>
			<string>Release</string>
		</dict>
		<key>45E504231B39CCA6007AE307</key>
		<dict>
			<key>buildConfigurations</key>
			<array>
				<string>45E504241B39CCA6007AE307</string>
				<string>45E504251B39CCA6007AE307</string>
			</array>
			<key>defaultConfigurationIsVisible</key>
			<string>0</string>
			<key>defaultConfigurationName</key>
			<string>Release</string>
			<key>isa</key>
			<string>XCConfigurationList</string>
		</dict>
		<key>45E504241B39CCA6007AE307</key>
		<dict>
			<key>buildSettings</key>
			<dict>
				<key>ASSETCATALOG_COMPILER_APPICON_NAME</key>
				<string>AppIcon</string>
				<key>CLANG_ENABLE_MODULES</key>
				<string>YES</string>
				<key>COMBINE_HIDPI_IMAGES</key>
				<string>YES</string>
				<key>EMBEDDED_CONTENT_CONTAINS_SWIFT</key>
				<string>YES</string>
				<key>INFOPLIST_FILE</key>
				<string>SwiftRTP Test/Supporting Files/Info.plist</string>
				<key>LD_RUNPATH_SEARCH_PATHS</key>
				<string>$(inherited) @executable_path/../Frameworks</string>
				<key>MACOSX_DEPLOYMENT_TARGET</key>
				<string>10.10</string>
				<key>PRODUCT_BUNDLE_IDENTIFIER</key>
				<string>io.schwa.$(PRODUCT_NAME:rfc1034identifier)</string>
				<key>PRODUCT_NAME</key>
				<string>SwiftRTP Test</string>
				<key>SWIFT_OBJC_BRIDGING_HEADER</key>
				<string>RTP Test/RTP Test-Bridging-Header.h</string>
				<key>SWIFT_OPTIMIZATION_LEVEL</key>
				<string>-Onone</string>
			</dict>
			<key>isa</key>
			<string>XCBuildConfiguration</string>
			<key>name</key>
			<string>Debug</string>
		</dict>
		<key>45E504251B39CCA6007AE307</key>
		<dict>
			<key>buildSettings</key>
			<dict>
				<key>ASSETCATALOG_COMPILER_APPICON_NAME</key>
				<string>AppIcon</string>
				<key>CLANG_ENABLE_MODULES</key>
				<string>YES</string>
				<key>COMBINE_HIDPI_IMAGES</key>
				<string>YES</string>
				<key>EMBEDDED_CONTENT_CONTAINS_SWIFT</key>
				<string>YES</string>
				<key>INFOPLIST_FILE</key>
				<string>SwiftRTP Test/Supporting Files/Info.plist</string>
				<key>LD_RUNPATH_SEARCH_PATHS</key>
				<string>$(inherited) @executable_path/../Frameworks</string>
				<key>MACOSX_DEPLOYMENT_TARGET</key>
				<string>10.10</string>
				<key>PRODUCT_BUNDLE_IDENTIFIER</key>
				<string>io.schwa.$(PRODUCT_NAME:rfc1034identifier)</string>
				<key>PRODUCT_NAME</key>
				<string>SwiftRTP Test</string>
				<key>SWIFT_OBJC_BRIDGING_HEADER</key>
				<string>RTP Test/RTP Test-Bridging-Header.h</string>
			</dict>
			<key>isa</key>
			<string>XCBuildConfiguration</string>
			<key>name</key>
			<string>Release</string>
		</dict>
		<key>45E504641B39CD9E007AE307</key>
		<dict>
			<key>buildActionMask</key>
			<string>2147483647</string>
			<key>dstPath</key>
			<string></string>
			<key>dstSubfolderSpec</key>
			<string>10</string>
			<key>files</key>
			<array>
				<string>45CEE9791B83930C00ED7D23</string>
			</array>
			<key>isa</key>
			<string>PBXCopyFilesBuildPhase</string>
			<key>name</key>
			<string>Embed Frameworks</string>
			<key>runOnlyForDeploymentPostprocessing</key>
			<string>0</string>
		</dict>
	</dict>
	<key>rootObject</key>
	<string>45E503FF1B39CCA5007AE307</string>
</dict>
</plist>
