// !$*UTF8*$!
{
	archiveVersion = 1;
	classes = {
	};
	objectVersion = 46;
	objects = {

/* Begin PBXAggregateTarget section */
		45A2A6591B853436006ACBAE /* All */ = {
			isa = PBXAggregateTarget;
			buildConfigurationList = 45A2A65A1B853436006ACBAE /* Build configuration list for PBXAggregateTarget "All" */;
			buildPhases = (
			);
			dependencies = (
				459D5CA61B869EBC001C3EE5 /* PBXTargetDependency */,
				45A2A65E1B853440006ACBAE /* PBXTargetDependency */,
				45A2A6601B853440006ACBAE /* PBXTargetDependency */,
				45A2A6621B853440006ACBAE /* PBXTargetDependency */,
			);
			name = All;
			productName = All;
		};
/* End PBXAggregateTarget section */

/* Begin PBXBuildFile section */
		45064B131C8A2328001619C6 /* SwiftIO.framework in Embed Frameworks */ = {isa = PBXBuildFile; fileRef = 45FA18131C0E96C400BC4228 /* SwiftIO.framework */; settings = {ATTRIBUTES = (CodeSignOnCopy, RemoveHeadersOnCopy, ); }; };
		45064B141C8A2328001619C6 /* SwiftUtilities.framework in Embed Frameworks */ = {isa = PBXBuildFile; fileRef = 453961071C0E93D100ED2375 /* SwiftUtilities.framework */; settings = {ATTRIBUTES = (CodeSignOnCopy, RemoveHeadersOnCopy, ); }; };
		45064B151C8A2341001619C6 /* SwiftIO.framework in Copy Files (1 item) */ = {isa = PBXBuildFile; fileRef = 453961021C0E937800ED2375 /* SwiftIO.framework */; settings = {ATTRIBUTES = (CodeSignOnCopy, RemoveHeadersOnCopy, ); }; };
		45064B161C8A2341001619C6 /* SwiftUtilities.framework in Copy Files (1 item) */ = {isa = PBXBuildFile; fileRef = 453961041C0E937800ED2375 /* SwiftUtilities.framework */; settings = {ATTRIBUTES = (CodeSignOnCopy, RemoveHeadersOnCopy, ); }; };
		451868CD1B3CD0E000BBBCD8 /* AVKit.framework in Frameworks */ = {isa = PBXBuildFile; fileRef = 451868CC1B3CD0E000BBBCD8 /* AVKit.framework */; };
		451868D31B3CD0E600BBBCD8 /* AVFoundation.framework in Frameworks */ = {isa = PBXBuildFile; fileRef = 451868D21B3CD0E600BBBCD8 /* AVFoundation.framework */; };
		451868D51B3CD0EF00BBBCD8 /* VideoToolbox.framework in Frameworks */ = {isa = PBXBuildFile; fileRef = 451868D41B3CD0EF00BBBCD8 /* VideoToolbox.framework */; };
		451868D71B3CD0F400BBBCD8 /* CoreMedia.framework in Frameworks */ = {isa = PBXBuildFile; fileRef = 451868D61B3CD0F400BBBCD8 /* CoreMedia.framework */; };
		451868D91B3CD0FE00BBBCD8 /* CoreVideo.framework in Frameworks */ = {isa = PBXBuildFile; fileRef = 451868D81B3CD0FE00BBBCD8 /* CoreVideo.framework */; };
		451868DD1B3CD37300BBBCD8 /* VideoView.swift in Sources */ = {isa = PBXBuildFile; fileRef = 451868DC1B3CD37300BBBCD8 /* VideoView.swift */; };
		4526B3471B85417E001EB22E /* RTPChannel.swift in Sources */ = {isa = PBXBuildFile; fileRef = 451E2D801B435F8B00F93401 /* RTPChannel.swift */; };
		4526B3481B85417E001EB22E /* RTPProcessor.swift in Sources */ = {isa = PBXBuildFile; fileRef = 45DA8D5F1B3E1FC9001F739F /* RTPProcessor.swift */; };
		4526B3491B85417E001EB22E /* FragmentationUnitDefragmenter.swift in Sources */ = {isa = PBXBuildFile; fileRef = 45CEE9881B83970800ED7D23 /* FragmentationUnitDefragmenter.swift */; };
		4526B34A1B85417E001EB22E /* RTPTypes.swift in Sources */ = {isa = PBXBuildFile; fileRef = 45DA8D651B3E22FB001F739F /* RTPTypes.swift */; };
		4526B34B1B85417E001EB22E /* H264RTPTypes.swift in Sources */ = {isa = PBXBuildFile; fileRef = 4511DD421B4472BA004EA078 /* H264RTPTypes.swift */; };
		4526B34C1B85417E001EB22E /* H264Types.swift in Sources */ = {isa = PBXBuildFile; fileRef = 451E2D871B4360FB00F93401 /* H264Types.swift */; };
		4526B34D1B85417E001EB22E /* H264Processor.swift in Sources */ = {isa = PBXBuildFile; fileRef = 451E2D891B43614800F93401 /* H264Processor.swift */; };
		4526B34E1B85417E001EB22E /* RTPUtilities.swift in Sources */ = {isa = PBXBuildFile; fileRef = 45DBF7621B448189005705E2 /* RTPUtilities.swift */; };
		4526B34F1B85417E001EB22E /* Support.m in Sources */ = {isa = PBXBuildFile; fileRef = 45194E711B7D431B0017E89A /* Support.m */; };
		4526B3501B85417E001EB22E /* SwiftRTP.h in Headers */ = {isa = PBXBuildFile; fileRef = 45CEE9731B83930C00ED7D23 /* SwiftRTP.h */; settings = {ATTRIBUTES = (Public, ); }; };
		4526B3631B854E23001EB22E /* DecompressionSession.swift in Sources */ = {isa = PBXBuildFile; fileRef = 45CEE98B1B839B2B00ED7D23 /* DecompressionSession.swift */; };
		4526B3641B854E23001EB22E /* DecompressionSession.swift in Sources */ = {isa = PBXBuildFile; fileRef = 45CEE98B1B839B2B00ED7D23 /* DecompressionSession.swift */; };
		4526B3651B854FA7001EB22E /* Support.h in Headers */ = {isa = PBXBuildFile; fileRef = 45194E731B7D43230017E89A /* Support.h */; settings = {ATTRIBUTES = (Public, ); }; };
		4526B3661B854FAB001EB22E /* Support.h in Headers */ = {isa = PBXBuildFile; fileRef = 45194E731B7D43230017E89A /* Support.h */; settings = {ATTRIBUTES = (Public, ); }; };
		453961091C0E93D900ED2375 /* SwiftIO.framework in Frameworks */ = {isa = PBXBuildFile; fileRef = 453961021C0E937800ED2375 /* SwiftIO.framework */; };
		4539610A1C0E93D900ED2375 /* SwiftUtilities.framework in Frameworks */ = {isa = PBXBuildFile; fileRef = 453961041C0E937800ED2375 /* SwiftUtilities.framework */; };
		453CB3E61B8E403E00622621 /* SwiftRTP.swift in Sources */ = {isa = PBXBuildFile; fileRef = 453CB3E51B8E403E00622621 /* SwiftRTP.swift */; };
		453CB3E71B8E404100622621 /* SwiftRTP.swift in Sources */ = {isa = PBXBuildFile; fileRef = 453CB3E51B8E403E00622621 /* SwiftRTP.swift */; };
		454873221B8BC62200EB3CD3 /* MovieWriter.swift in Sources */ = {isa = PBXBuildFile; fileRef = 454873211B8BC62200EB3CD3 /* MovieWriter.swift */; };
		454873231B8BC62200EB3CD3 /* MovieWriter.swift in Sources */ = {isa = PBXBuildFile; fileRef = 454873211B8BC62200EB3CD3 /* MovieWriter.swift */; };
		4569E00C1BAB30150001AD40 /* H264ParameterSet.swift in Sources */ = {isa = PBXBuildFile; fileRef = 4569E00B1BAB30150001AD40 /* H264ParameterSet.swift */; };
		4569E00D1BAB30150001AD40 /* H264ParameterSet.swift in Sources */ = {isa = PBXBuildFile; fileRef = 4569E00B1BAB30150001AD40 /* H264ParameterSet.swift */; };
		45A2A6511B853381006ACBAE /* SwiftRTP.framework in Frameworks */ = {isa = PBXBuildFile; fileRef = 45A2A63A1B853381006ACBAE /* SwiftRTP.framework */; };
		45C72C111B869B7300EC39AF /* AppDelegate.swift in Sources */ = {isa = PBXBuildFile; fileRef = 45C72C101B869B7300EC39AF /* AppDelegate.swift */; };
		45C72C131B869B7300EC39AF /* ViewController.swift in Sources */ = {isa = PBXBuildFile; fileRef = 45C72C121B869B7300EC39AF /* ViewController.swift */; };
		45C72C161B869B7300EC39AF /* Main.storyboard in Resources */ = {isa = PBXBuildFile; fileRef = 45C72C141B869B7300EC39AF /* Main.storyboard */; };
		45C72C181B869B7300EC39AF /* Images.xcassets in Resources */ = {isa = PBXBuildFile; fileRef = 45C72C171B869B7300EC39AF /* Images.xcassets */; };
		45C72C1B1B869B7400EC39AF /* LaunchScreen.xib in Resources */ = {isa = PBXBuildFile; fileRef = 45C72C191B869B7400EC39AF /* LaunchScreen.xib */; };
		45CEE9741B83930C00ED7D23 /* SwiftRTP.h in Headers */ = {isa = PBXBuildFile; fileRef = 45CEE9731B83930C00ED7D23 /* SwiftRTP.h */; settings = {ATTRIBUTES = (Public, ); }; };
		45CEE9791B83930C00ED7D23 /* SwiftRTP.framework in Embed Frameworks */ = {isa = PBXBuildFile; fileRef = 45CEE9711B83930C00ED7D23 /* SwiftRTP.framework */; settings = {ATTRIBUTES = (CodeSignOnCopy, RemoveHeadersOnCopy, ); }; };
		45CEE97E1B83937800ED7D23 /* RTPChannel.swift in Sources */ = {isa = PBXBuildFile; fileRef = 451E2D801B435F8B00F93401 /* RTPChannel.swift */; };
		45CEE97F1B83937800ED7D23 /* RTPProcessor.swift in Sources */ = {isa = PBXBuildFile; fileRef = 45DA8D5F1B3E1FC9001F739F /* RTPProcessor.swift */; };
		45CEE9801B83937800ED7D23 /* RTPTypes.swift in Sources */ = {isa = PBXBuildFile; fileRef = 45DA8D651B3E22FB001F739F /* RTPTypes.swift */; };
		45CEE9811B83937800ED7D23 /* H264RTPTypes.swift in Sources */ = {isa = PBXBuildFile; fileRef = 4511DD421B4472BA004EA078 /* H264RTPTypes.swift */; };
		45CEE9821B83937800ED7D23 /* H264Types.swift in Sources */ = {isa = PBXBuildFile; fileRef = 451E2D871B4360FB00F93401 /* H264Types.swift */; };
		45CEE9831B83937800ED7D23 /* H264Processor.swift in Sources */ = {isa = PBXBuildFile; fileRef = 451E2D891B43614800F93401 /* H264Processor.swift */; };
		45CEE9841B83937800ED7D23 /* RTPUtilities.swift in Sources */ = {isa = PBXBuildFile; fileRef = 45DBF7621B448189005705E2 /* RTPUtilities.swift */; };
		45CEE9851B83937800ED7D23 /* Support.m in Sources */ = {isa = PBXBuildFile; fileRef = 45194E711B7D431B0017E89A /* Support.m */; };
		45CEE9891B83970800ED7D23 /* FragmentationUnitDefragmenter.swift in Sources */ = {isa = PBXBuildFile; fileRef = 45CEE9881B83970800ED7D23 /* FragmentationUnitDefragmenter.swift */; };
		45D7040C1BB1D52B009AFE00 /* HeartBeatView.swift in Sources */ = {isa = PBXBuildFile; fileRef = 45D7040B1BB1D52B009AFE00 /* HeartBeatView.swift */; };
		45DBE26B1B869C04000D20F2 /* VideoView.swift in Sources */ = {isa = PBXBuildFile; fileRef = 45DBE26A1B869C04000D20F2 /* VideoView.swift */; };
		45DBE26E1B869CC8000D20F2 /* SwiftRTP.framework in Frameworks */ = {isa = PBXBuildFile; fileRef = 45A2A63A1B853381006ACBAE /* SwiftRTP.framework */; };
		45DBE2701B869CE5000D20F2 /* SwiftRTP.framework in Copy Files (1 item) */ = {isa = PBXBuildFile; fileRef = 45A2A63A1B853381006ACBAE /* SwiftRTP.framework */; settings = {ATTRIBUTES = (CodeSignOnCopy, RemoveHeadersOnCopy, ); }; };
		45E5040D1B39CCA5007AE307 /* AppDelegate.swift in Sources */ = {isa = PBXBuildFile; fileRef = 45E5040C1B39CCA5007AE307 /* AppDelegate.swift */; };
		45E5040F1B39CCA5007AE307 /* ViewController.swift in Sources */ = {isa = PBXBuildFile; fileRef = 45E5040E1B39CCA5007AE307 /* ViewController.swift */; };
		45E504111B39CCA5007AE307 /* Images.xcassets in Resources */ = {isa = PBXBuildFile; fileRef = 45E504101B39CCA5007AE307 /* Images.xcassets */; };
		45E504141B39CCA5007AE307 /* Main.storyboard in Resources */ = {isa = PBXBuildFile; fileRef = 45E504121B39CCA5007AE307 /* Main.storyboard */; };
		45FA18141C0E96C400BC4228 /* SwiftIO.framework in Frameworks */ = {isa = PBXBuildFile; fileRef = 45FA18131C0E96C400BC4228 /* SwiftIO.framework */; };
/* End PBXBuildFile section */

/* Begin PBXContainerItemProxy section */
		459D5CA51B869EBC001C3EE5 /* PBXContainerItemProxy */ = {
			isa = PBXContainerItemProxy;
			containerPortal = 45E503FF1B39CCA5007AE307 /* Project object */;
			proxyType = 1;
			remoteGlobalIDString = 45C72C0B1B869B7300EC39AF;
			remoteInfo = "SwiftRTP iOS Demo";
		};
		45A2A62B1B852F22006ACBAE /* PBXContainerItemProxy */ = {
			isa = PBXContainerItemProxy;
			containerPortal = 45E503FF1B39CCA5007AE307 /* Project object */;
			proxyType = 1;
			remoteGlobalIDString = 45CEE9701B83930C00ED7D23;
			remoteInfo = RTP_OSX;
		};
		45A2A65D1B853440006ACBAE /* PBXContainerItemProxy */ = {
			isa = PBXContainerItemProxy;
			containerPortal = 45E503FF1B39CCA5007AE307 /* Project object */;
			proxyType = 1;
			remoteGlobalIDString = 45E504061B39CCA5007AE307;
			remoteInfo = "RTP Test";
		};
		45A2A65F1B853440006ACBAE /* PBXContainerItemProxy */ = {
			isa = PBXContainerItemProxy;
			containerPortal = 45E503FF1B39CCA5007AE307 /* Project object */;
			proxyType = 1;
			remoteGlobalIDString = 45CEE9701B83930C00ED7D23;
			remoteInfo = RTP_OSX;
		};
		45A2A6611B853440006ACBAE /* PBXContainerItemProxy */ = {
			isa = PBXContainerItemProxy;
			containerPortal = 45E503FF1B39CCA5007AE307 /* Project object */;
			proxyType = 1;
			remoteGlobalIDString = 45A2A6391B853381006ACBAE;
			remoteInfo = RTP_iOS;
		};
		45DBE26C1B869CC0000D20F2 /* PBXContainerItemProxy */ = {
			isa = PBXContainerItemProxy;
			containerPortal = 45E503FF1B39CCA5007AE307 /* Project object */;
			proxyType = 1;
			remoteGlobalIDString = 45A2A6391B853381006ACBAE;
			remoteInfo = SwiftRTP_iOS;
		};
/* End PBXContainerItemProxy section */

/* Begin PBXCopyFilesBuildPhase section */
		45DBE26F1B869CCE000D20F2 /* Copy Files (1 item) */ = {
			isa = PBXCopyFilesBuildPhase;
			buildActionMask = 2147483647;
			dstPath = "";
			dstSubfolderSpec = 10;
			files = (
				45064B151C8A2341001619C6 /* SwiftIO.framework in Copy Files (1 item) */,
				45064B161C8A2341001619C6 /* SwiftUtilities.framework in Copy Files (1 item) */,
				45DBE2701B869CE5000D20F2 /* SwiftRTP.framework in Copy Files (1 item) */,
			);
			name = "Copy Files (1 item)";
			runOnlyForDeploymentPostprocessing = 0;
		};
		45E504641B39CD9E007AE307 /* Embed Frameworks */ = {
			isa = PBXCopyFilesBuildPhase;
			buildActionMask = 2147483647;
			dstPath = "";
			dstSubfolderSpec = 10;
			files = (
				45064B131C8A2328001619C6 /* SwiftIO.framework in Embed Frameworks */,
				45064B141C8A2328001619C6 /* SwiftUtilities.framework in Embed Frameworks */,
				45CEE9791B83930C00ED7D23 /* SwiftRTP.framework in Embed Frameworks */,
			);
			name = "Embed Frameworks";
			runOnlyForDeploymentPostprocessing = 0;
		};
/* End PBXCopyFilesBuildPhase section */

/* Begin PBXFileReference section */
		4511DD421B4472BA004EA078 /* H264RTPTypes.swift */ = {isa = PBXFileReference; fileEncoding = 4; lastKnownFileType = sourcecode.swift; path = H264RTPTypes.swift; sourceTree = "<group>"; };
		451868CC1B3CD0E000BBBCD8 /* AVKit.framework */ = {isa = PBXFileReference; lastKnownFileType = wrapper.framework; name = AVKit.framework; path = System/Library/Frameworks/AVKit.framework; sourceTree = SDKROOT; };
		451868D21B3CD0E600BBBCD8 /* AVFoundation.framework */ = {isa = PBXFileReference; lastKnownFileType = wrapper.framework; name = AVFoundation.framework; path = System/Library/Frameworks/AVFoundation.framework; sourceTree = SDKROOT; };
		451868D41B3CD0EF00BBBCD8 /* VideoToolbox.framework */ = {isa = PBXFileReference; lastKnownFileType = wrapper.framework; name = VideoToolbox.framework; path = System/Library/Frameworks/VideoToolbox.framework; sourceTree = SDKROOT; };
		451868D61B3CD0F400BBBCD8 /* CoreMedia.framework */ = {isa = PBXFileReference; lastKnownFileType = wrapper.framework; name = CoreMedia.framework; path = System/Library/Frameworks/CoreMedia.framework; sourceTree = SDKROOT; };
		451868D81B3CD0FE00BBBCD8 /* CoreVideo.framework */ = {isa = PBXFileReference; lastKnownFileType = wrapper.framework; name = CoreVideo.framework; path = System/Library/Frameworks/CoreVideo.framework; sourceTree = SDKROOT; };
		451868DC1B3CD37300BBBCD8 /* VideoView.swift */ = {isa = PBXFileReference; fileEncoding = 4; lastKnownFileType = sourcecode.swift; path = VideoView.swift; sourceTree = "<group>"; };
		45194E711B7D431B0017E89A /* Support.m */ = {isa = PBXFileReference; fileEncoding = 4; lastKnownFileType = sourcecode.c.objc; path = Support.m; sourceTree = "<group>"; };
		45194E731B7D43230017E89A /* Support.h */ = {isa = PBXFileReference; lastKnownFileType = sourcecode.c.h; path = Support.h; sourceTree = "<group>"; };
		451E2D801B435F8B00F93401 /* RTPChannel.swift */ = {isa = PBXFileReference; fileEncoding = 4; lastKnownFileType = sourcecode.swift; path = RTPChannel.swift; sourceTree = "<group>"; };
		451E2D871B4360FB00F93401 /* H264Types.swift */ = {isa = PBXFileReference; fileEncoding = 4; lastKnownFileType = sourcecode.swift; path = H264Types.swift; sourceTree = "<group>"; };
		451E2D891B43614800F93401 /* H264Processor.swift */ = {isa = PBXFileReference; fileEncoding = 4; lastKnownFileType = sourcecode.swift; path = H264Processor.swift; sourceTree = "<group>"; };
		453961021C0E937800ED2375 /* SwiftIO.framework */ = {isa = PBXFileReference; lastKnownFileType = wrapper.framework; path = SwiftIO.framework; sourceTree = "<group>"; };
		453961041C0E937800ED2375 /* SwiftUtilities.framework */ = {isa = PBXFileReference; lastKnownFileType = wrapper.framework; path = SwiftUtilities.framework; sourceTree = "<group>"; };
		453961071C0E93D100ED2375 /* SwiftUtilities.framework */ = {isa = PBXFileReference; lastKnownFileType = wrapper.framework; path = SwiftUtilities.framework; sourceTree = "<group>"; };
		453CB3E51B8E403E00622621 /* SwiftRTP.swift */ = {isa = PBXFileReference; fileEncoding = 4; lastKnownFileType = sourcecode.swift; path = SwiftRTP.swift; sourceTree = "<group>"; };
		454873211B8BC62200EB3CD3 /* MovieWriter.swift */ = {isa = PBXFileReference; fileEncoding = 4; lastKnownFileType = sourcecode.swift; path = MovieWriter.swift; sourceTree = "<group>"; };
		4569E00B1BAB30150001AD40 /* H264ParameterSet.swift */ = {isa = PBXFileReference; fileEncoding = 4; lastKnownFileType = sourcecode.swift; path = H264ParameterSet.swift; sourceTree = "<group>"; };
		459035F21C63F63400D58DDD /* Cartfile */ = {isa = PBXFileReference; lastKnownFileType = text; path = Cartfile; sourceTree = "<group>"; };
		459035F31C63F63400D58DDD /* Cartfile.resolved */ = {isa = PBXFileReference; lastKnownFileType = text; path = Cartfile.resolved; sourceTree = "<group>"; };
		4596DEFF1B825E0E00A5FD87 /* README.markdown */ = {isa = PBXFileReference; fileEncoding = 4; lastKnownFileType = net.daringfireball.markdown; path = README.markdown; sourceTree = "<group>"; };
		45A2A63A1B853381006ACBAE /* SwiftRTP.framework */ = {isa = PBXFileReference; explicitFileType = wrapper.framework; includeInIndex = 0; path = SwiftRTP.framework; sourceTree = BUILT_PRODUCTS_DIR; };
		45C72C0C1B869B7300EC39AF /* SwiftRTP iOS Demo.app */ = {isa = PBXFileReference; explicitFileType = wrapper.application; includeInIndex = 0; path = "SwiftRTP iOS Demo.app"; sourceTree = BUILT_PRODUCTS_DIR; };
		45C72C0F1B869B7300EC39AF /* Info.plist */ = {isa = PBXFileReference; lastKnownFileType = text.plist.xml; path = Info.plist; sourceTree = "<group>"; };
		45C72C101B869B7300EC39AF /* AppDelegate.swift */ = {isa = PBXFileReference; lastKnownFileType = sourcecode.swift; path = AppDelegate.swift; sourceTree = "<group>"; };
		45C72C121B869B7300EC39AF /* ViewController.swift */ = {isa = PBXFileReference; lastKnownFileType = sourcecode.swift; path = ViewController.swift; sourceTree = "<group>"; };
		45C72C151B869B7300EC39AF /* Base */ = {isa = PBXFileReference; lastKnownFileType = file.storyboard; name = Base; path = Base.lproj/Main.storyboard; sourceTree = "<group>"; };
		45C72C171B869B7300EC39AF /* Images.xcassets */ = {isa = PBXFileReference; lastKnownFileType = folder.assetcatalog; path = Images.xcassets; sourceTree = "<group>"; };
		45C72C1A1B869B7400EC39AF /* Base */ = {isa = PBXFileReference; lastKnownFileType = file.xib; name = Base; path = Base.lproj/LaunchScreen.xib; sourceTree = "<group>"; };
		45CEE9711B83930C00ED7D23 /* SwiftRTP.framework */ = {isa = PBXFileReference; explicitFileType = wrapper.framework; includeInIndex = 0; path = SwiftRTP.framework; sourceTree = BUILT_PRODUCTS_DIR; };
		45CEE9731B83930C00ED7D23 /* SwiftRTP.h */ = {isa = PBXFileReference; lastKnownFileType = sourcecode.c.h; path = SwiftRTP.h; sourceTree = "<group>"; };
		45CEE9881B83970800ED7D23 /* FragmentationUnitDefragmenter.swift */ = {isa = PBXFileReference; fileEncoding = 4; lastKnownFileType = sourcecode.swift; path = FragmentationUnitDefragmenter.swift; sourceTree = "<group>"; };
		45CEE98B1B839B2B00ED7D23 /* DecompressionSession.swift */ = {isa = PBXFileReference; fileEncoding = 4; lastKnownFileType = sourcecode.swift; path = DecompressionSession.swift; sourceTree = "<group>"; };
		45D7040B1BB1D52B009AFE00 /* HeartBeatView.swift */ = {isa = PBXFileReference; fileEncoding = 4; lastKnownFileType = sourcecode.swift; path = HeartBeatView.swift; sourceTree = "<group>"; };
		45DA8D5F1B3E1FC9001F739F /* RTPProcessor.swift */ = {isa = PBXFileReference; fileEncoding = 4; lastKnownFileType = sourcecode.swift; path = RTPProcessor.swift; sourceTree = "<group>"; };
		45DA8D651B3E22FB001F739F /* RTPTypes.swift */ = {isa = PBXFileReference; fileEncoding = 4; lastKnownFileType = sourcecode.swift; path = RTPTypes.swift; sourceTree = "<group>"; };
		45DBE26A1B869C04000D20F2 /* VideoView.swift */ = {isa = PBXFileReference; fileEncoding = 4; lastKnownFileType = sourcecode.swift; path = VideoView.swift; sourceTree = "<group>"; };
		45DBF7621B448189005705E2 /* RTPUtilities.swift */ = {isa = PBXFileReference; fileEncoding = 4; lastKnownFileType = sourcecode.swift; path = RTPUtilities.swift; sourceTree = "<group>"; };
		45E4F3701C64232A005B0938 /* Info.plist */ = {isa = PBXFileReference; fileEncoding = 4; lastKnownFileType = text.plist.xml; path = Info.plist; sourceTree = "<group>"; };
		45E504071B39CCA5007AE307 /* SwiftRTP Test.app */ = {isa = PBXFileReference; explicitFileType = wrapper.application; includeInIndex = 0; path = "SwiftRTP Test.app"; sourceTree = BUILT_PRODUCTS_DIR; };
		45E5040B1B39CCA5007AE307 /* Info.plist */ = {isa = PBXFileReference; lastKnownFileType = text.plist.xml; path = Info.plist; sourceTree = "<group>"; };
		45E5040C1B39CCA5007AE307 /* AppDelegate.swift */ = {isa = PBXFileReference; lastKnownFileType = sourcecode.swift; path = AppDelegate.swift; sourceTree = "<group>"; };
		45E5040E1B39CCA5007AE307 /* ViewController.swift */ = {isa = PBXFileReference; lastKnownFileType = sourcecode.swift; path = ViewController.swift; sourceTree = "<group>"; };
		45E504101B39CCA5007AE307 /* Images.xcassets */ = {isa = PBXFileReference; lastKnownFileType = folder.assetcatalog; path = Images.xcassets; sourceTree = "<group>"; };
		45E504131B39CCA5007AE307 /* Base */ = {isa = PBXFileReference; lastKnownFileType = file.storyboard; name = Base; path = Base.lproj/Main.storyboard; sourceTree = "<group>"; };
		45FA18131C0E96C400BC4228 /* SwiftIO.framework */ = {isa = PBXFileReference; lastKnownFileType = wrapper.framework; path = SwiftIO.framework; sourceTree = "<group>"; };
/* End PBXFileReference section */

/* Begin PBXFrameworksBuildPhase section */
		45A2A6361B853381006ACBAE /* Frameworks */ = {
			isa = PBXFrameworksBuildPhase;
			buildActionMask = 2147483647;
			files = (
				453961091C0E93D900ED2375 /* SwiftIO.framework in Frameworks */,
				4539610A1C0E93D900ED2375 /* SwiftUtilities.framework in Frameworks */,
			);
			runOnlyForDeploymentPostprocessing = 0;
		};
		45C72C091B869B7300EC39AF /* Frameworks */ = {
			isa = PBXFrameworksBuildPhase;
			buildActionMask = 2147483647;
			files = (
				45DBE26E1B869CC8000D20F2 /* SwiftRTP.framework in Frameworks */,
			);
			runOnlyForDeploymentPostprocessing = 0;
		};
		45CEE96D1B83930C00ED7D23 /* Frameworks */ = {
			isa = PBXFrameworksBuildPhase;
			buildActionMask = 2147483647;
			files = (
				45FA18141C0E96C400BC4228 /* SwiftIO.framework in Frameworks */,
			);
			runOnlyForDeploymentPostprocessing = 0;
		};
		45E504041B39CCA5007AE307 /* Frameworks */ = {
			isa = PBXFrameworksBuildPhase;
			buildActionMask = 2147483647;
			files = (
				451868D91B3CD0FE00BBBCD8 /* CoreVideo.framework in Frameworks */,
				451868D71B3CD0F400BBBCD8 /* CoreMedia.framework in Frameworks */,
				451868D51B3CD0EF00BBBCD8 /* VideoToolbox.framework in Frameworks */,
				451868D31B3CD0E600BBBCD8 /* AVFoundation.framework in Frameworks */,
				451868CD1B3CD0E000BBBCD8 /* AVKit.framework in Frameworks */,
				45A2A6511B853381006ACBAE /* SwiftRTP.framework in Frameworks */,
			);
			runOnlyForDeploymentPostprocessing = 0;
		};
/* End PBXFrameworksBuildPhase section */

/* Begin PBXGroup section */
		451868DA1B3CD10300BBBCD8 /* Frameworks */ = {
			isa = PBXGroup;
			children = (
				451868D81B3CD0FE00BBBCD8 /* CoreVideo.framework */,
				451868D61B3CD0F400BBBCD8 /* CoreMedia.framework */,
				451868D41B3CD0EF00BBBCD8 /* VideoToolbox.framework */,
				451868D21B3CD0E600BBBCD8 /* AVFoundation.framework */,
				451868CC1B3CD0E000BBBCD8 /* AVKit.framework */,
			);
			name = Frameworks;
			sourceTree = "<group>";
		};
		453960FB1C0E937800ED2375 /* Carthage */ = {
			isa = PBXGroup;
			children = (
				453960FC1C0E937800ED2375 /* Build */,
			);
			path = Carthage;
			sourceTree = "<group>";
		};
		453960FC1C0E937800ED2375 /* Build */ = {
			isa = PBXGroup;
			children = (
				453960FD1C0E937800ED2375 /* iOS */,
				453961061C0E93D100ED2375 /* Mac */,
			);
			path = Build;
			sourceTree = "<group>";
		};
		453960FD1C0E937800ED2375 /* iOS */ = {
			isa = PBXGroup;
			children = (
				453961021C0E937800ED2375 /* SwiftIO.framework */,
				453961041C0E937800ED2375 /* SwiftUtilities.framework */,
			);
			path = iOS;
			sourceTree = "<group>";
		};
		453961061C0E93D100ED2375 /* Mac */ = {
			isa = PBXGroup;
			children = (
				45FA18131C0E96C400BC4228 /* SwiftIO.framework */,
				453961071C0E93D100ED2375 /* SwiftUtilities.framework */,
			);
			path = Mac;
			sourceTree = "<group>";
		};
		454873201B8BC62200EB3CD3 /* Demo */ = {
			isa = PBXGroup;
			children = (
				454873211B8BC62200EB3CD3 /* MovieWriter.swift */,
			);
			path = Demo;
			sourceTree = "<group>";
		};
		45C72C0D1B869B7300EC39AF /* SwiftRTP iOS Demo */ = {
			isa = PBXGroup;
			children = (
				45D7040B1BB1D52B009AFE00 /* HeartBeatView.swift */,
				45C72C101B869B7300EC39AF /* AppDelegate.swift */,
				45C72C121B869B7300EC39AF /* ViewController.swift */,
				45DBE26A1B869C04000D20F2 /* VideoView.swift */,
				45C72C141B869B7300EC39AF /* Main.storyboard */,
				45C72C171B869B7300EC39AF /* Images.xcassets */,
				45C72C191B869B7400EC39AF /* LaunchScreen.xib */,
				45C72C0E1B869B7300EC39AF /* Supporting Files */,
			);
			path = "SwiftRTP iOS Demo";
			sourceTree = "<group>";
		};
		45C72C0E1B869B7300EC39AF /* Supporting Files */ = {
			isa = PBXGroup;
			children = (
				45C72C0F1B869B7300EC39AF /* Info.plist */,
			);
			path = "Supporting Files";
			sourceTree = "<group>";
		};
		45CEE9721B83930C00ED7D23 /* Sources */ = {
			isa = PBXGroup;
			children = (
				453CB3E51B8E403E00622621 /* SwiftRTP.swift */,
				451E2D801B435F8B00F93401 /* RTPChannel.swift */,
				45DA8D5F1B3E1FC9001F739F /* RTPProcessor.swift */,
				45CEE9881B83970800ED7D23 /* FragmentationUnitDefragmenter.swift */,
				45DA8D651B3E22FB001F739F /* RTPTypes.swift */,
				4511DD421B4472BA004EA078 /* H264RTPTypes.swift */,
				451E2D871B4360FB00F93401 /* H264Types.swift */,
				451E2D891B43614800F93401 /* H264Processor.swift */,
				4569E00B1BAB30150001AD40 /* H264ParameterSet.swift */,
				45DBF7621B448189005705E2 /* RTPUtilities.swift */,
				45CEE98B1B839B2B00ED7D23 /* DecompressionSession.swift */,
				45194E731B7D43230017E89A /* Support.h */,
				45194E711B7D431B0017E89A /* Support.m */,
				45CEE9731B83930C00ED7D23 /* SwiftRTP.h */,
			);
			path = Sources;
			sourceTree = "<group>";
		};
		45E4F36F1C64232A005B0938 /* Resources */ = {
			isa = PBXGroup;
			children = (
				45E4F3701C64232A005B0938 /* Info.plist */,
			);
			path = Resources;
			sourceTree = "<group>";
		};
		45E503FE1B39CCA5007AE307 = {
			isa = PBXGroup;
			children = (
				4596DEFF1B825E0E00A5FD87 /* README.markdown */,
				459035F21C63F63400D58DDD /* Cartfile */,
				459035F31C63F63400D58DDD /* Cartfile.resolved */,
				453960FB1C0E937800ED2375 /* Carthage */,
				45CEE9721B83930C00ED7D23 /* Sources */,
				45E4F36F1C64232A005B0938 /* Resources */,
				454873201B8BC62200EB3CD3 /* Demo */,
				45E504091B39CCA5007AE307 /* SwiftRTP Mac Demo */,
				45C72C0D1B869B7300EC39AF /* SwiftRTP iOS Demo */,
				451868DA1B3CD10300BBBCD8 /* Frameworks */,
				45E504081B39CCA5007AE307 /* Products */,
			);
			sourceTree = "<group>";
		};
		45E504081B39CCA5007AE307 /* Products */ = {
			isa = PBXGroup;
			children = (
				45E504071B39CCA5007AE307 /* SwiftRTP Test.app */,
				45CEE9711B83930C00ED7D23 /* SwiftRTP.framework */,
				45A2A63A1B853381006ACBAE /* SwiftRTP.framework */,
				45C72C0C1B869B7300EC39AF /* SwiftRTP iOS Demo.app */,
			);
			name = Products;
			sourceTree = "<group>";
		};
		45E504091B39CCA5007AE307 /* SwiftRTP Mac Demo */ = {
			isa = PBXGroup;
			children = (
				45E5040C1B39CCA5007AE307 /* AppDelegate.swift */,
				45E5040E1B39CCA5007AE307 /* ViewController.swift */,
				451868DC1B3CD37300BBBCD8 /* VideoView.swift */,
				45E504121B39CCA5007AE307 /* Main.storyboard */,
				45E504101B39CCA5007AE307 /* Images.xcassets */,
				45E5040A1B39CCA5007AE307 /* Supporting Files */,
			);
			path = "SwiftRTP Mac Demo";
			sourceTree = "<group>";
		};
		45E5040A1B39CCA5007AE307 /* Supporting Files */ = {
			isa = PBXGroup;
			children = (
				45E5040B1B39CCA5007AE307 /* Info.plist */,
			);
			path = "Supporting Files";
			sourceTree = "<group>";
		};
/* End PBXGroup section */

/* Begin PBXHeadersBuildPhase section */
		45A2A6371B853381006ACBAE /* Headers */ = {
			isa = PBXHeadersBuildPhase;
			buildActionMask = 2147483647;
			files = (
				4526B3501B85417E001EB22E /* SwiftRTP.h in Headers */,
				4526B3661B854FAB001EB22E /* Support.h in Headers */,
			);
			runOnlyForDeploymentPostprocessing = 0;
		};
		45CEE96E1B83930C00ED7D23 /* Headers */ = {
			isa = PBXHeadersBuildPhase;
			buildActionMask = 2147483647;
			files = (
				45CEE9741B83930C00ED7D23 /* SwiftRTP.h in Headers */,
				4526B3651B854FA7001EB22E /* Support.h in Headers */,
			);
			runOnlyForDeploymentPostprocessing = 0;
		};
/* End PBXHeadersBuildPhase section */

/* Begin PBXNativeTarget section */
		45A2A6391B853381006ACBAE /* SwiftRTP_iOS */ = {
			isa = PBXNativeTarget;
			buildConfigurationList = 45A2A6531B853381006ACBAE /* Build configuration list for PBXNativeTarget "SwiftRTP_iOS" */;
			buildPhases = (
				45A2A6351B853381006ACBAE /* Sources */,
				45A2A6361B853381006ACBAE /* Frameworks */,
				45A2A6371B853381006ACBAE /* Headers */,
				45A2A6381B853381006ACBAE /* Resources */,
				459035F11C63F60B00D58DDD /* Run swiftlint */,
			);
			buildRules = (
			);
			dependencies = (
			);
			name = SwiftRTP_iOS;
			productName = RTP;
			productReference = 45A2A63A1B853381006ACBAE /* SwiftRTP.framework */;
			productType = "com.apple.product-type.framework";
		};
		45C72C0B1B869B7300EC39AF /* SwiftRTP iOS Demo */ = {
			isa = PBXNativeTarget;
			buildConfigurationList = 45C72C281B869B7400EC39AF /* Build configuration list for PBXNativeTarget "SwiftRTP iOS Demo" */;
			buildPhases = (
				45C72C081B869B7300EC39AF /* Sources */,
				45C72C091B869B7300EC39AF /* Frameworks */,
				45C72C0A1B869B7300EC39AF /* Resources */,
				45DBE26F1B869CCE000D20F2 /* Copy Files (1 item) */,
			);
			buildRules = (
			);
			dependencies = (
				45DBE26D1B869CC0000D20F2 /* PBXTargetDependency */,
			);
			name = "SwiftRTP iOS Demo";
			productName = "SwiftRTP iOS Test";
			productReference = 45C72C0C1B869B7300EC39AF /* SwiftRTP iOS Demo.app */;
			productType = "com.apple.product-type.application";
		};
		45CEE9701B83930C00ED7D23 /* SwiftRTP_OSX */ = {
			isa = PBXNativeTarget;
			buildConfigurationList = 45CEE97C1B83930C00ED7D23 /* Build configuration list for PBXNativeTarget "SwiftRTP_OSX" */;
			buildPhases = (
				45CEE96C1B83930C00ED7D23 /* Sources */,
				45CEE96D1B83930C00ED7D23 /* Frameworks */,
				45CEE96E1B83930C00ED7D23 /* Headers */,
				45CEE96F1B83930C00ED7D23 /* Resources */,
				459035F01C63F5F900D58DDD /* Run swiftlint */,
			);
			buildRules = (
			);
			dependencies = (
			);
			name = SwiftRTP_OSX;
			productName = RTP;
			productReference = 45CEE9711B83930C00ED7D23 /* SwiftRTP.framework */;
			productType = "com.apple.product-type.framework";
		};
		45E504061B39CCA5007AE307 /* SwiftRTP Mac Demo */ = {
			isa = PBXNativeTarget;
			buildConfigurationList = 45E504231B39CCA6007AE307 /* Build configuration list for PBXNativeTarget "SwiftRTP Mac Demo" */;
			buildPhases = (
				45E504031B39CCA5007AE307 /* Sources */,
				45E504041B39CCA5007AE307 /* Frameworks */,
				45E504051B39CCA5007AE307 /* Resources */,
				45E504641B39CD9E007AE307 /* Embed Frameworks */,
			);
			buildRules = (
			);
			dependencies = (
				45A2A62C1B852F22006ACBAE /* PBXTargetDependency */,
			);
			name = "SwiftRTP Mac Demo";
			productName = "RTP Test";
			productReference = 45E504071B39CCA5007AE307 /* SwiftRTP Test.app */;
			productType = "com.apple.product-type.application";
		};
/* End PBXNativeTarget section */

/* Begin PBXProject section */
		45E503FF1B39CCA5007AE307 /* Project object */ = {
			isa = PBXProject;
			attributes = {
				LastSwiftMigration = 0700;
				LastSwiftUpdateCheck = 0700;
				LastUpgradeCheck = 0800;
				ORGANIZATIONNAME = schwa;
				TargetAttributes = {
					45A2A6391B853381006ACBAE = {
						CreatedOnToolsVersion = 6.4;
						DevelopmentTeam = A8YPB846P8;
						LastSwiftMigration = 0800;
					};
					45A2A6591B853436006ACBAE = {
						CreatedOnToolsVersion = 6.4;
					};
					45C72C0B1B869B7300EC39AF = {
						CreatedOnToolsVersion = 6.4;
						LastSwiftMigration = 0800;
					};
					45CEE9701B83930C00ED7D23 = {
						CreatedOnToolsVersion = 7.0;
						DevelopmentTeam = A8YPB846P8;
						LastSwiftMigration = 0800;
					};
					45E504061B39CCA5007AE307 = {
						CreatedOnToolsVersion = 6.3.2;
						LastSwiftMigration = 0800;
					};
				};
			};
			buildConfigurationList = 45E504021B39CCA5007AE307 /* Build configuration list for PBXProject "SwiftRTP" */;
			compatibilityVersion = "Xcode 3.2";
			developmentRegion = English;
			hasScannedForEncodings = 0;
			knownRegions = (
				en,
				Base,
			);
			mainGroup = 45E503FE1B39CCA5007AE307;
			productRefGroup = 45E504081B39CCA5007AE307 /* Products */;
			projectDirPath = "";
			projectRoot = "";
			targets = (
				45A2A6591B853436006ACBAE /* All */,
				45CEE9701B83930C00ED7D23 /* SwiftRTP_OSX */,
				45A2A6391B853381006ACBAE /* SwiftRTP_iOS */,
				45E504061B39CCA5007AE307 /* SwiftRTP Mac Demo */,
				45C72C0B1B869B7300EC39AF /* SwiftRTP iOS Demo */,
			);
		};
/* End PBXProject section */

/* Begin PBXResourcesBuildPhase section */
		45A2A6381B853381006ACBAE /* Resources */ = {
			isa = PBXResourcesBuildPhase;
			buildActionMask = 2147483647;
			files = (
			);
			runOnlyForDeploymentPostprocessing = 0;
		};
		45C72C0A1B869B7300EC39AF /* Resources */ = {
			isa = PBXResourcesBuildPhase;
			buildActionMask = 2147483647;
			files = (
				45C72C161B869B7300EC39AF /* Main.storyboard in Resources */,
				45C72C1B1B869B7400EC39AF /* LaunchScreen.xib in Resources */,
				45C72C181B869B7300EC39AF /* Images.xcassets in Resources */,
			);
			runOnlyForDeploymentPostprocessing = 0;
		};
		45CEE96F1B83930C00ED7D23 /* Resources */ = {
			isa = PBXResourcesBuildPhase;
			buildActionMask = 2147483647;
			files = (
			);
			runOnlyForDeploymentPostprocessing = 0;
		};
		45E504051B39CCA5007AE307 /* Resources */ = {
			isa = PBXResourcesBuildPhase;
			buildActionMask = 2147483647;
			files = (
				45E504111B39CCA5007AE307 /* Images.xcassets in Resources */,
				45E504141B39CCA5007AE307 /* Main.storyboard in Resources */,
			);
			runOnlyForDeploymentPostprocessing = 0;
		};
/* End PBXResourcesBuildPhase section */

/* Begin PBXShellScriptBuildPhase section */
		459035F01C63F5F900D58DDD /* Run swiftlint */ = {
			isa = PBXShellScriptBuildPhase;
			buildActionMask = 2147483647;
			files = (
			);
			inputPaths = (
			);
			name = "Run swiftlint";
			outputPaths = (
			);
			runOnlyForDeploymentPostprocessing = 0;
			shellPath = /bin/sh;
			shellScript = "if which swiftlint >/dev/null; then\n  swiftlint\nelse\n  echo \"SwiftLint does not exist, download from https://github.com/realm/SwiftLint\"\nfi";
			showEnvVarsInLog = 0;
		};
		459035F11C63F60B00D58DDD /* Run swiftlint */ = {
			isa = PBXShellScriptBuildPhase;
			buildActionMask = 2147483647;
			files = (
			);
			inputPaths = (
			);
			name = "Run swiftlint";
			outputPaths = (
			);
			runOnlyForDeploymentPostprocessing = 0;
			shellPath = /bin/sh;
			shellScript = "if which swiftlint >/dev/null; then\n  swiftlint\nelse\n  echo \"SwiftLint does not exist, download from https://github.com/realm/SwiftLint\"\nfi";
			showEnvVarsInLog = 0;
		};
/* End PBXShellScriptBuildPhase section */

/* Begin PBXSourcesBuildPhase section */
		45A2A6351B853381006ACBAE /* Sources */ = {
			isa = PBXSourcesBuildPhase;
			buildActionMask = 2147483647;
			files = (
				4526B34A1B85417E001EB22E /* RTPTypes.swift in Sources */,
				4526B34C1B85417E001EB22E /* H264Types.swift in Sources */,
				4569E00D1BAB30150001AD40 /* H264ParameterSet.swift in Sources */,
				4526B3631B854E23001EB22E /* DecompressionSession.swift in Sources */,
				4526B3471B85417E001EB22E /* RTPChannel.swift in Sources */,
				4526B34B1B85417E001EB22E /* H264RTPTypes.swift in Sources */,
				453CB3E71B8E404100622621 /* SwiftRTP.swift in Sources */,
				4526B3491B85417E001EB22E /* FragmentationUnitDefragmenter.swift in Sources */,
				4526B3481B85417E001EB22E /* RTPProcessor.swift in Sources */,
				4526B34D1B85417E001EB22E /* H264Processor.swift in Sources */,
				4526B34E1B85417E001EB22E /* RTPUtilities.swift in Sources */,
				4526B34F1B85417E001EB22E /* Support.m in Sources */,
			);
			runOnlyForDeploymentPostprocessing = 0;
		};
		45C72C081B869B7300EC39AF /* Sources */ = {
			isa = PBXSourcesBuildPhase;
			buildActionMask = 2147483647;
			files = (
				45DBE26B1B869C04000D20F2 /* VideoView.swift in Sources */,
				45D7040C1BB1D52B009AFE00 /* HeartBeatView.swift in Sources */,
				45C72C131B869B7300EC39AF /* ViewController.swift in Sources */,
				454873231B8BC62200EB3CD3 /* MovieWriter.swift in Sources */,
				45C72C111B869B7300EC39AF /* AppDelegate.swift in Sources */,
			);
			runOnlyForDeploymentPostprocessing = 0;
		};
		45CEE96C1B83930C00ED7D23 /* Sources */ = {
			isa = PBXSourcesBuildPhase;
			buildActionMask = 2147483647;
			files = (
				45CEE9801B83937800ED7D23 /* RTPTypes.swift in Sources */,
				45CEE9821B83937800ED7D23 /* H264Types.swift in Sources */,
				4569E00C1BAB30150001AD40 /* H264ParameterSet.swift in Sources */,
				4526B3641B854E23001EB22E /* DecompressionSession.swift in Sources */,
				45CEE97F1B83937800ED7D23 /* RTPProcessor.swift in Sources */,
				453CB3E61B8E403E00622621 /* SwiftRTP.swift in Sources */,
				45CEE9811B83937800ED7D23 /* H264RTPTypes.swift in Sources */,
				45CEE97E1B83937800ED7D23 /* RTPChannel.swift in Sources */,
				45CEE9841B83937800ED7D23 /* RTPUtilities.swift in Sources */,
				45CEE9831B83937800ED7D23 /* H264Processor.swift in Sources */,
				45CEE9851B83937800ED7D23 /* Support.m in Sources */,
				45CEE9891B83970800ED7D23 /* FragmentationUnitDefragmenter.swift in Sources */,
			);
			runOnlyForDeploymentPostprocessing = 0;
		};
		45E504031B39CCA5007AE307 /* Sources */ = {
			isa = PBXSourcesBuildPhase;
			buildActionMask = 2147483647;
			files = (
				451868DD1B3CD37300BBBCD8 /* VideoView.swift in Sources */,
				454873221B8BC62200EB3CD3 /* MovieWriter.swift in Sources */,
				45E5040F1B39CCA5007AE307 /* ViewController.swift in Sources */,
				45E5040D1B39CCA5007AE307 /* AppDelegate.swift in Sources */,
			);
			runOnlyForDeploymentPostprocessing = 0;
		};
/* End PBXSourcesBuildPhase section */

/* Begin PBXTargetDependency section */
		459D5CA61B869EBC001C3EE5 /* PBXTargetDependency */ = {
			isa = PBXTargetDependency;
			target = 45C72C0B1B869B7300EC39AF /* SwiftRTP iOS Demo */;
			targetProxy = 459D5CA51B869EBC001C3EE5 /* PBXContainerItemProxy */;
		};
		45A2A62C1B852F22006ACBAE /* PBXTargetDependency */ = {
			isa = PBXTargetDependency;
			target = 45CEE9701B83930C00ED7D23 /* SwiftRTP_OSX */;
			targetProxy = 45A2A62B1B852F22006ACBAE /* PBXContainerItemProxy */;
		};
		45A2A65E1B853440006ACBAE /* PBXTargetDependency */ = {
			isa = PBXTargetDependency;
			target = 45E504061B39CCA5007AE307 /* SwiftRTP Mac Demo */;
			targetProxy = 45A2A65D1B853440006ACBAE /* PBXContainerItemProxy */;
		};
		45A2A6601B853440006ACBAE /* PBXTargetDependency */ = {
			isa = PBXTargetDependency;
			target = 45CEE9701B83930C00ED7D23 /* SwiftRTP_OSX */;
			targetProxy = 45A2A65F1B853440006ACBAE /* PBXContainerItemProxy */;
		};
		45A2A6621B853440006ACBAE /* PBXTargetDependency */ = {
			isa = PBXTargetDependency;
			target = 45A2A6391B853381006ACBAE /* SwiftRTP_iOS */;
			targetProxy = 45A2A6611B853440006ACBAE /* PBXContainerItemProxy */;
		};
		45DBE26D1B869CC0000D20F2 /* PBXTargetDependency */ = {
			isa = PBXTargetDependency;
			target = 45A2A6391B853381006ACBAE /* SwiftRTP_iOS */;
			targetProxy = 45DBE26C1B869CC0000D20F2 /* PBXContainerItemProxy */;
		};
/* End PBXTargetDependency section */

/* Begin PBXVariantGroup section */
		45C72C141B869B7300EC39AF /* Main.storyboard */ = {
			isa = PBXVariantGroup;
			children = (
				45C72C151B869B7300EC39AF /* Base */,
			);
			name = Main.storyboard;
			path = .;
			sourceTree = "<group>";
		};
		45C72C191B869B7400EC39AF /* LaunchScreen.xib */ = {
			isa = PBXVariantGroup;
			children = (
				45C72C1A1B869B7400EC39AF /* Base */,
			);
			name = LaunchScreen.xib;
			path = .;
			sourceTree = "<group>";
		};
		45E504121B39CCA5007AE307 /* Main.storyboard */ = {
			isa = PBXVariantGroup;
			children = (
				45E504131B39CCA5007AE307 /* Base */,
			);
			name = Main.storyboard;
			path = .;
			sourceTree = "<group>";
		};
/* End PBXVariantGroup section */

/* Begin XCBuildConfiguration section */
		45A2A6541B853381006ACBAE /* Debug */ = {
			isa = XCBuildConfiguration;
			buildSettings = {
				CODE_SIGN_IDENTITY = "iPhone Developer";
				"CODE_SIGN_IDENTITY[sdk=iphoneos*]" = "";
				CURRENT_PROJECT_VERSION = 1;
				DEBUG_INFORMATION_FORMAT = "dwarf-with-dsym";
				DEFINES_MODULE = YES;
				DEVELOPMENT_TEAM = A8YPB846P8;
				DYLIB_COMPATIBILITY_VERSION = 1;
				DYLIB_CURRENT_VERSION = 1;
				DYLIB_INSTALL_NAME_BASE = "@rpath";
				FRAMEWORK_SEARCH_PATHS = (
					"$(inherited)",
					"$(PROJECT_DIR)/Carthage/Build/iOS",
				);
				GCC_PREPROCESSOR_DEFINITIONS = (
					"DEBUG=1",
					"$(inherited)",
				);
				INFOPLIST_FILE = Resources/Info.plist;
				INSTALL_PATH = "$(LOCAL_LIBRARY_DIR)/Frameworks";
				LD_RUNPATH_SEARCH_PATHS = "$(inherited) @executable_path/Frameworks @loader_path/Frameworks";
				PRODUCT_BUNDLE_IDENTIFIER = "io.schwa.$(PRODUCT_NAME:rfc1034identifier)";
				PRODUCT_NAME = SwiftRTP;
				SDKROOT = iphoneos;
				SKIP_INSTALL = YES;
				SWIFT_VERSION = 3.0;
				TARGETED_DEVICE_FAMILY = "1,2";
				VERSIONING_SYSTEM = "apple-generic";
				VERSION_INFO_PREFIX = "";
			};
			name = Debug;
		};
		45A2A6551B853381006ACBAE /* Release */ = {
			isa = XCBuildConfiguration;
			buildSettings = {
				CODE_SIGN_IDENTITY = "iPhone Developer";
				"CODE_SIGN_IDENTITY[sdk=iphoneos*]" = "";
				CURRENT_PROJECT_VERSION = 1;
				DEFINES_MODULE = YES;
				DEVELOPMENT_TEAM = A8YPB846P8;
				DYLIB_COMPATIBILITY_VERSION = 1;
				DYLIB_CURRENT_VERSION = 1;
				DYLIB_INSTALL_NAME_BASE = "@rpath";
				FRAMEWORK_SEARCH_PATHS = (
					"$(inherited)",
					"$(PROJECT_DIR)/Carthage/Build/iOS",
				);
				INFOPLIST_FILE = Resources/Info.plist;
				INSTALL_PATH = "$(LOCAL_LIBRARY_DIR)/Frameworks";
				LD_RUNPATH_SEARCH_PATHS = "$(inherited) @executable_path/Frameworks @loader_path/Frameworks";
				PRODUCT_BUNDLE_IDENTIFIER = "io.schwa.$(PRODUCT_NAME:rfc1034identifier)";
				PRODUCT_NAME = SwiftRTP;
				SDKROOT = iphoneos;
				SKIP_INSTALL = YES;
				SWIFT_VERSION = 3.0;
				TARGETED_DEVICE_FAMILY = "1,2";
				VALIDATE_PRODUCT = YES;
				VERSIONING_SYSTEM = "apple-generic";
				VERSION_INFO_PREFIX = "";
			};
			name = Release;
		};
		45A2A65B1B853436006ACBAE /* Debug */ = {
			isa = XCBuildConfiguration;
			buildSettings = {
				PRODUCT_NAME = "$(TARGET_NAME)";
			};
			name = Debug;
		};
		45A2A65C1B853436006ACBAE /* Release */ = {
			isa = XCBuildConfiguration;
			buildSettings = {
				PRODUCT_NAME = "$(TARGET_NAME)";
			};
			name = Release;
		};
		45C72C291B869B7400EC39AF /* Debug */ = {
			isa = XCBuildConfiguration;
			buildSettings = {
				ASSETCATALOG_COMPILER_APPICON_NAME = AppIcon;
				"CODE_SIGN_IDENTITY[sdk=iphoneos*]" = "iPhone Developer";
				DEBUG_INFORMATION_FORMAT = "dwarf-with-dsym";
				FRAMEWORK_SEARCH_PATHS = (
					"$(inherited)",
					"$(PROJECT_DIR)/Carthage/Build/iOS",
				);
				GCC_PREPROCESSOR_DEFINITIONS = (
					"DEBUG=1",
					"$(inherited)",
				);
				INFOPLIST_FILE = "SwiftRTP iOS Demo/Supporting Files/Info.plist";
				LD_RUNPATH_SEARCH_PATHS = "$(inherited) @executable_path/Frameworks";
				PRODUCT_BUNDLE_IDENTIFIER = "com.3dr.$(PRODUCT_NAME:rfc1034identifier)";
				PRODUCT_NAME = "$(TARGET_NAME)";
				SDKROOT = iphoneos;
				SWIFT_VERSION = 3.0;
				TARGETED_DEVICE_FAMILY = "1,2";
			};
			name = Debug;
		};
		45C72C2A1B869B7400EC39AF /* Release */ = {
			isa = XCBuildConfiguration;
			buildSettings = {
				ASSETCATALOG_COMPILER_APPICON_NAME = AppIcon;
				"CODE_SIGN_IDENTITY[sdk=iphoneos*]" = "iPhone Developer";
				FRAMEWORK_SEARCH_PATHS = (
					"$(inherited)",
					"$(PROJECT_DIR)/Carthage/Build/iOS",
				);
				INFOPLIST_FILE = "SwiftRTP iOS Demo/Supporting Files/Info.plist";
				LD_RUNPATH_SEARCH_PATHS = "$(inherited) @executable_path/Frameworks";
				PRODUCT_BUNDLE_IDENTIFIER = "com.3dr.$(PRODUCT_NAME:rfc1034identifier)";
				PRODUCT_NAME = "$(TARGET_NAME)";
				SDKROOT = iphoneos;
				SWIFT_VERSION = 3.0;
				TARGETED_DEVICE_FAMILY = "1,2";
				VALIDATE_PRODUCT = YES;
			};
			name = Release;
		};
		45CEE97A1B83930C00ED7D23 /* Debug */ = {
			isa = XCBuildConfiguration;
			buildSettings = {
				CODE_SIGN_IDENTITY = "";
				COMBINE_HIDPI_IMAGES = YES;
				CURRENT_PROJECT_VERSION = 1;
				DEFINES_MODULE = YES;
				DEVELOPMENT_TEAM = A8YPB846P8;
				DYLIB_COMPATIBILITY_VERSION = 1;
				DYLIB_CURRENT_VERSION = 1;
				DYLIB_INSTALL_NAME_BASE = "@rpath";
				FRAMEWORK_SEARCH_PATHS = (
					"$(inherited)",
					"$(PROJECT_DIR)/Carthage/Build/Mac",
				);
				FRAMEWORK_VERSION = A;
				INFOPLIST_FILE = Resources/Info.plist;
				INSTALL_PATH = "$(LOCAL_LIBRARY_DIR)/Frameworks";
				LD_RUNPATH_SEARCH_PATHS = "$(inherited) @executable_path/../Frameworks @loader_path/Frameworks";
				PRODUCT_BUNDLE_IDENTIFIER = io.schwa.RTP;
				PRODUCT_NAME = SwiftRTP;
				SKIP_INSTALL = YES;
				SWIFT_VERSION = 3.0;
				VERSIONING_SYSTEM = "apple-generic";
				VERSION_INFO_PREFIX = "";
			};
			name = Debug;
		};
		45CEE97B1B83930C00ED7D23 /* Release */ = {
			isa = XCBuildConfiguration;
			buildSettings = {
				COMBINE_HIDPI_IMAGES = YES;
				CURRENT_PROJECT_VERSION = 1;
				DEFINES_MODULE = YES;
				DYLIB_COMPATIBILITY_VERSION = 1;
				DYLIB_CURRENT_VERSION = 1;
				DYLIB_INSTALL_NAME_BASE = "@rpath";
				FRAMEWORK_SEARCH_PATHS = (
					"$(inherited)",
					"$(PROJECT_DIR)/Carthage/Build/Mac",
				);
				FRAMEWORK_VERSION = A;
				INFOPLIST_FILE = Resources/Info.plist;
				INSTALL_PATH = "$(LOCAL_LIBRARY_DIR)/Frameworks";
				LD_RUNPATH_SEARCH_PATHS = "$(inherited) @executable_path/../Frameworks @loader_path/Frameworks";
				PRODUCT_BUNDLE_IDENTIFIER = io.schwa.RTP;
				PRODUCT_NAME = SwiftRTP;
				SKIP_INSTALL = YES;
				SWIFT_VERSION = 3.0;
				VERSIONING_SYSTEM = "apple-generic";
				VERSION_INFO_PREFIX = "";
			};
			name = Release;
		};
		45E504211B39CCA6007AE307 /* Debug */ = {
			isa = XCBuildConfiguration;
			buildSettings = {
				ALWAYS_SEARCH_USER_PATHS = NO;
				CLANG_CXX_LANGUAGE_STANDARD = "gnu++0x";
				CLANG_CXX_LIBRARY = "libc++";
				CLANG_ENABLE_MODULES = YES;
				CLANG_ENABLE_OBJC_ARC = YES;
				CLANG_WARN_BOOL_CONVERSION = YES;
				CLANG_WARN_CONSTANT_CONVERSION = YES;
				CLANG_WARN_DIRECT_OBJC_ISA_USAGE = YES_ERROR;
				CLANG_WARN_EMPTY_BODY = YES;
				CLANG_WARN_ENUM_CONVERSION = YES;
				CLANG_WARN_INFINITE_RECURSION = YES;
				CLANG_WARN_INT_CONVERSION = YES;
				CLANG_WARN_OBJC_ROOT_CLASS = YES_ERROR;
				CLANG_WARN_SUSPICIOUS_MOVE = YES;
				CLANG_WARN_UNREACHABLE_CODE = YES;
				CLANG_WARN__DUPLICATE_METHOD_MATCH = YES;
				COPY_PHASE_STRIP = NO;
				DEBUG_INFORMATION_FORMAT = dwarf;
				ENABLE_STRICT_OBJC_MSGSEND = YES;
				ENABLE_TESTABILITY = YES;
				GCC_C_LANGUAGE_STANDARD = gnu99;
				GCC_DYNAMIC_NO_PIC = NO;
				GCC_NO_COMMON_BLOCKS = YES;
				GCC_OPTIMIZATION_LEVEL = 0;
				GCC_PREPROCESSOR_DEFINITIONS = (
					"DEBUG=1",
					"$(inherited)",
				);
				GCC_SYMBOLS_PRIVATE_EXTERN = NO;
				GCC_WARN_64_TO_32_BIT_CONVERSION = YES;
				GCC_WARN_ABOUT_RETURN_TYPE = YES_ERROR;
				GCC_WARN_UNDECLARED_SELECTOR = YES;
				GCC_WARN_UNINITIALIZED_AUTOS = YES_AGGRESSIVE;
				GCC_WARN_UNUSED_FUNCTION = YES;
				GCC_WARN_UNUSED_VARIABLE = YES;
				IPHONEOS_DEPLOYMENT_TARGET = 9.0;
				MACOSX_DEPLOYMENT_TARGET = 10.11;
				MTL_ENABLE_DEBUG_INFO = YES;
				ONLY_ACTIVE_ARCH = YES;
				SDKROOT = macosx;
				SWIFT_OPTIMIZATION_LEVEL = "-Onone";
			};
			name = Debug;
		};
		45E504221B39CCA6007AE307 /* Release */ = {
			isa = XCBuildConfiguration;
			buildSettings = {
				ALWAYS_SEARCH_USER_PATHS = NO;
				CLANG_CXX_LANGUAGE_STANDARD = "gnu++0x";
				CLANG_CXX_LIBRARY = "libc++";
				CLANG_ENABLE_MODULES = YES;
				CLANG_ENABLE_OBJC_ARC = YES;
				CLANG_WARN_BOOL_CONVERSION = YES;
				CLANG_WARN_CONSTANT_CONVERSION = YES;
				CLANG_WARN_DIRECT_OBJC_ISA_USAGE = YES_ERROR;
				CLANG_WARN_EMPTY_BODY = YES;
				CLANG_WARN_ENUM_CONVERSION = YES;
				CLANG_WARN_INFINITE_RECURSION = YES;
				CLANG_WARN_INT_CONVERSION = YES;
				CLANG_WARN_OBJC_ROOT_CLASS = YES_ERROR;
				CLANG_WARN_SUSPICIOUS_MOVE = YES;
				CLANG_WARN_UNREACHABLE_CODE = YES;
				CLANG_WARN__DUPLICATE_METHOD_MATCH = YES;
				COPY_PHASE_STRIP = NO;
				DEBUG_INFORMATION_FORMAT = "dwarf-with-dsym";
				ENABLE_NS_ASSERTIONS = NO;
				ENABLE_STRICT_OBJC_MSGSEND = YES;
				GCC_C_LANGUAGE_STANDARD = gnu99;
				GCC_NO_COMMON_BLOCKS = YES;
				GCC_WARN_64_TO_32_BIT_CONVERSION = YES;
				GCC_WARN_ABOUT_RETURN_TYPE = YES_ERROR;
				GCC_WARN_UNDECLARED_SELECTOR = YES;
				GCC_WARN_UNINITIALIZED_AUTOS = YES_AGGRESSIVE;
				GCC_WARN_UNUSED_FUNCTION = YES;
				GCC_WARN_UNUSED_VARIABLE = YES;
				IPHONEOS_DEPLOYMENT_TARGET = 9.0;
				MACOSX_DEPLOYMENT_TARGET = 10.11;
				MTL_ENABLE_DEBUG_INFO = NO;
				SDKROOT = macosx;
				SWIFT_OPTIMIZATION_LEVEL = "-Owholemodule";
			};
			name = Release;
		};
		45E504241B39CCA6007AE307 /* Debug */ = {
			isa = XCBuildConfiguration;
			buildSettings = {
				ALWAYS_EMBED_SWIFT_STANDARD_LIBRARIES = YES;
				ASSETCATALOG_COMPILER_APPICON_NAME = AppIcon;
				CLANG_ENABLE_MODULES = YES;
				COMBINE_HIDPI_IMAGES = YES;
				FRAMEWORK_SEARCH_PATHS = (
					"$(inherited)",
					"$(PROJECT_DIR)/Carthage/Build/Mac",
				);
				INFOPLIST_FILE = "SwiftRTP Mac Demo/Supporting Files/Info.plist";
				LD_RUNPATH_SEARCH_PATHS = "$(inherited) @executable_path/../Frameworks";
				PRODUCT_BUNDLE_IDENTIFIER = "io.schwa.$(PRODUCT_NAME:rfc1034identifier)";
				PRODUCT_NAME = "SwiftRTP Test";
				SWIFT_OPTIMIZATION_LEVEL = "-Onone";
				SWIFT_VERSION = 3.0;
			};
			name = Debug;
		};
		45E504251B39CCA6007AE307 /* Release */ = {
			isa = XCBuildConfiguration;
			buildSettings = {
				ALWAYS_EMBED_SWIFT_STANDARD_LIBRARIES = YES;
				ASSETCATALOG_COMPILER_APPICON_NAME = AppIcon;
				CLANG_ENABLE_MODULES = YES;
				COMBINE_HIDPI_IMAGES = YES;
				FRAMEWORK_SEARCH_PATHS = (
					"$(inherited)",
					"$(PROJECT_DIR)/Carthage/Build/Mac",
				);
				INFOPLIST_FILE = "SwiftRTP Mac Demo/Supporting Files/Info.plist";
				LD_RUNPATH_SEARCH_PATHS = "$(inherited) @executable_path/../Frameworks";
				PRODUCT_BUNDLE_IDENTIFIER = "io.schwa.$(PRODUCT_NAME:rfc1034identifier)";
				PRODUCT_NAME = "SwiftRTP Test";
				SWIFT_VERSION = 3.0;
			};
			name = Release;
		};
/* End XCBuildConfiguration section */

/* Begin XCConfigurationList section */
		45A2A6531B853381006ACBAE /* Build configuration list for PBXNativeTarget "SwiftRTP_iOS" */ = {
			isa = XCConfigurationList;
			buildConfigurations = (
				45A2A6541B853381006ACBAE /* Debug */,
				45A2A6551B853381006ACBAE /* Release */,
			);
			defaultConfigurationIsVisible = 0;
			defaultConfigurationName = Release;
		};
		45A2A65A1B853436006ACBAE /* Build configuration list for PBXAggregateTarget "All" */ = {
			isa = XCConfigurationList;
			buildConfigurations = (
				45A2A65B1B853436006ACBAE /* Debug */,
				45A2A65C1B853436006ACBAE /* Release */,
			);
			defaultConfigurationIsVisible = 0;
			defaultConfigurationName = Release;
		};
		45C72C281B869B7400EC39AF /* Build configuration list for PBXNativeTarget "SwiftRTP iOS Demo" */ = {
			isa = XCConfigurationList;
			buildConfigurations = (
				45C72C291B869B7400EC39AF /* Debug */,
				45C72C2A1B869B7400EC39AF /* Release */,
			);
			defaultConfigurationIsVisible = 0;
			defaultConfigurationName = Release;
		};
		45CEE97C1B83930C00ED7D23 /* Build configuration list for PBXNativeTarget "SwiftRTP_OSX" */ = {
			isa = XCConfigurationList;
			buildConfigurations = (
				45CEE97A1B83930C00ED7D23 /* Debug */,
				45CEE97B1B83930C00ED7D23 /* Release */,
			);
			defaultConfigurationIsVisible = 0;
			defaultConfigurationName = Release;
		};
		45E504021B39CCA5007AE307 /* Build configuration list for PBXProject "SwiftRTP" */ = {
			isa = XCConfigurationList;
			buildConfigurations = (
				45E504211B39CCA6007AE307 /* Debug */,
				45E504221B39CCA6007AE307 /* Release */,
			);
			defaultConfigurationIsVisible = 0;
			defaultConfigurationName = Release;
		};
		45E504231B39CCA6007AE307 /* Build configuration list for PBXNativeTarget "SwiftRTP Mac Demo" */ = {
			isa = XCConfigurationList;
			buildConfigurations = (
				45E504241B39CCA6007AE307 /* Debug */,
				45E504251B39CCA6007AE307 /* Release */,
			);
			defaultConfigurationIsVisible = 0;
			defaultConfigurationName = Release;
		};
/* End XCConfigurationList section */
	};
	rootObject = 45E503FF1B39CCA5007AE307 /* Project object */;
}
